
Microsoft Visual Studio Solution File, Format Version 12.00
# Visual Studio 15
VisualStudioVersion = 15.0.27130.2024
MinimumVisualStudioVersion = 10.0.40219.1
Project("{FAE04EC0-301F-11D3-BF4B-00C04F79EFBC}") = "Jam.NET.iOS", "iOS\Jam.NET.iOS.csproj", "{41182BA1-FEE1-4FF3-AC8D-5A234DDF8664}"
EndProject
Project("{FAE04EC0-301F-11D3-BF4B-00C04F79EFBC}") = "Jam.NET.macOS", "macOS\Jam.NET.macOS.csproj", "{D8D3D97A-E679-48F4-A9FC-8BDDAD0778D2}"
EndProject
Project("{FAE04EC0-301F-11D3-BF4B-00C04F79EFBC}") = "Jam.NET.Core", "Core.Standard\Jam.NET.Core.csproj", "{C99DB4A0-9987-45E2-9F9E-D27D09F743CF}"
EndProject
Project("{FAE04EC0-301F-11D3-BF4B-00C04F79EFBC}") = "Jam.NET.Portable", "Portable\Jam.NET.Portable.csproj", "{33FE7079-B3CF-49B3-89C1-165EF78457B4}"
EndProject
Project("{FAE04EC0-301F-11D3-BF4B-00C04F79EFBC}") = "Jam.NET.Desktop", "Desktop\Jam.NET.Desktop.csproj", "{7E49A4EB-9AB9-4FE2-BCEC-A9C41A22B575}"
EndProject
Project("{FAE04EC0-301F-11D3-BF4B-00C04F79EFBC}") = "Jam.NET", "Core.Desktop\Jam.NET.csproj", "{D315C08F-658E-4702-BEC1-36F16CC4FC40}"
EndProject
Project("{2150E333-8FDC-42A3-9474-1A3956D46DE8}") = "Solution Items", "Solution Items", "{06B7F99B-9550-4171-A5EE-A57BE61CA130}"
	ProjectSection(SolutionItems) = preProject
		.editorconfig = .editorconfig
		.gitattributes = .gitattributes
		.gitignore = .gitignore
		Directory.Build.props = Directory.Build.props
		NuGet.Config = NuGet.Config
		README.md = README.md
	EndProjectSection
EndProject
Project("{FAE04EC0-301F-11D3-BF4B-00C04F79EFBC}") = "Jam.NET.UWP", "UWP\Jam.NET.UWP.csproj", "{17311CD3-DA86-4669-8153-9BD37636EB05}"
EndProject
Global
	GlobalSection(SolutionConfigurationPlatforms) = preSolution
		Ad-Hoc|Any CPU = Ad-Hoc|Any CPU
		Ad-Hoc|ARM = Ad-Hoc|ARM
		Ad-Hoc|iPhone = Ad-Hoc|iPhone
		Ad-Hoc|iPhoneSimulator = Ad-Hoc|iPhoneSimulator
		Ad-Hoc|x64 = Ad-Hoc|x64
		Ad-Hoc|x86 = Ad-Hoc|x86
		AppStore|Any CPU = AppStore|Any CPU
		AppStore|ARM = AppStore|ARM
		AppStore|iPhone = AppStore|iPhone
		AppStore|iPhoneSimulator = AppStore|iPhoneSimulator
		AppStore|x64 = AppStore|x64
		AppStore|x86 = AppStore|x86
		Debug|Any CPU = Debug|Any CPU
		Debug|ARM = Debug|ARM
		Debug|iPhone = Debug|iPhone
		Debug|iPhoneSimulator = Debug|iPhoneSimulator
		Debug|x64 = Debug|x64
		Debug|x86 = Debug|x86
		Release|Any CPU = Release|Any CPU
		Release|ARM = Release|ARM
		Release|iPhone = Release|iPhone
		Release|iPhoneSimulator = Release|iPhoneSimulator
		Release|x64 = Release|x64
		Release|x86 = Release|x86
	EndGlobalSection
	GlobalSection(ProjectConfigurationPlatforms) = postSolution
		{41182BA1-FEE1-4FF3-AC8D-5A234DDF8664}.Ad-Hoc|Any CPU.ActiveCfg = Ad-Hoc|iPhone
		{41182BA1-FEE1-4FF3-AC8D-5A234DDF8664}.Ad-Hoc|ARM.ActiveCfg = Ad-Hoc|iPhone
		{41182BA1-FEE1-4FF3-AC8D-5A234DDF8664}.Ad-Hoc|iPhone.ActiveCfg = Ad-Hoc|iPhone
		{41182BA1-FEE1-4FF3-AC8D-5A234DDF8664}.Ad-Hoc|iPhone.Build.0 = Ad-Hoc|iPhone
		{41182BA1-FEE1-4FF3-AC8D-5A234DDF8664}.Ad-Hoc|iPhoneSimulator.ActiveCfg = Ad-Hoc|iPhoneSimulator
		{41182BA1-FEE1-4FF3-AC8D-5A234DDF8664}.Ad-Hoc|iPhoneSimulator.Build.0 = Ad-Hoc|iPhoneSimulator
		{41182BA1-FEE1-4FF3-AC8D-5A234DDF8664}.Ad-Hoc|x64.ActiveCfg = Ad-Hoc|iPhone
		{41182BA1-FEE1-4FF3-AC8D-5A234DDF8664}.Ad-Hoc|x86.ActiveCfg = Ad-Hoc|iPhone
		{41182BA1-FEE1-4FF3-AC8D-5A234DDF8664}.AppStore|Any CPU.ActiveCfg = AppStore|iPhone
		{41182BA1-FEE1-4FF3-AC8D-5A234DDF8664}.AppStore|ARM.ActiveCfg = AppStore|iPhone
		{41182BA1-FEE1-4FF3-AC8D-5A234DDF8664}.AppStore|iPhone.ActiveCfg = AppStore|iPhone
		{41182BA1-FEE1-4FF3-AC8D-5A234DDF8664}.AppStore|iPhone.Build.0 = AppStore|iPhone
		{41182BA1-FEE1-4FF3-AC8D-5A234DDF8664}.AppStore|iPhoneSimulator.ActiveCfg = AppStore|iPhoneSimulator
		{41182BA1-FEE1-4FF3-AC8D-5A234DDF8664}.AppStore|iPhoneSimulator.Build.0 = AppStore|iPhoneSimulator
		{41182BA1-FEE1-4FF3-AC8D-5A234DDF8664}.AppStore|x64.ActiveCfg = AppStore|iPhone
		{41182BA1-FEE1-4FF3-AC8D-5A234DDF8664}.AppStore|x86.ActiveCfg = AppStore|iPhone
		{41182BA1-FEE1-4FF3-AC8D-5A234DDF8664}.Debug|Any CPU.ActiveCfg = Debug|iPhone
		{41182BA1-FEE1-4FF3-AC8D-5A234DDF8664}.Debug|ARM.ActiveCfg = Debug|iPhone
		{41182BA1-FEE1-4FF3-AC8D-5A234DDF8664}.Debug|iPhone.ActiveCfg = Debug|iPhone
		{41182BA1-FEE1-4FF3-AC8D-5A234DDF8664}.Debug|iPhone.Build.0 = Debug|iPhone
		{41182BA1-FEE1-4FF3-AC8D-5A234DDF8664}.Debug|iPhoneSimulator.ActiveCfg = Debug|iPhoneSimulator
		{41182BA1-FEE1-4FF3-AC8D-5A234DDF8664}.Debug|iPhoneSimulator.Build.0 = Debug|iPhoneSimulator
		{41182BA1-FEE1-4FF3-AC8D-5A234DDF8664}.Debug|x64.ActiveCfg = Debug|iPhone
		{41182BA1-FEE1-4FF3-AC8D-5A234DDF8664}.Debug|x86.ActiveCfg = Debug|iPhone
		{41182BA1-FEE1-4FF3-AC8D-5A234DDF8664}.Release|Any CPU.ActiveCfg = Release|iPhone
		{41182BA1-FEE1-4FF3-AC8D-5A234DDF8664}.Release|ARM.ActiveCfg = Release|iPhone
		{41182BA1-FEE1-4FF3-AC8D-5A234DDF8664}.Release|iPhone.ActiveCfg = Release|iPhone
		{41182BA1-FEE1-4FF3-AC8D-5A234DDF8664}.Release|iPhone.Build.0 = Release|iPhone
		{41182BA1-FEE1-4FF3-AC8D-5A234DDF8664}.Release|iPhoneSimulator.ActiveCfg = Release|iPhoneSimulator
		{41182BA1-FEE1-4FF3-AC8D-5A234DDF8664}.Release|iPhoneSimulator.Build.0 = Release|iPhoneSimulator
		{41182BA1-FEE1-4FF3-AC8D-5A234DDF8664}.Release|x64.ActiveCfg = Release|iPhone
		{41182BA1-FEE1-4FF3-AC8D-5A234DDF8664}.Release|x86.ActiveCfg = Release|iPhone
		{D8D3D97A-E679-48F4-A9FC-8BDDAD0778D2}.Ad-Hoc|Any CPU.ActiveCfg = Debug|iPhoneSimulator
		{D8D3D97A-E679-48F4-A9FC-8BDDAD0778D2}.Ad-Hoc|Any CPU.Build.0 = Debug|iPhoneSimulator
		{D8D3D97A-E679-48F4-A9FC-8BDDAD0778D2}.Ad-Hoc|ARM.ActiveCfg = Debug|iPhoneSimulator
		{D8D3D97A-E679-48F4-A9FC-8BDDAD0778D2}.Ad-Hoc|ARM.Build.0 = Debug|iPhoneSimulator
		{D8D3D97A-E679-48F4-A9FC-8BDDAD0778D2}.Ad-Hoc|iPhone.ActiveCfg = Debug|iPhoneSimulator
		{D8D3D97A-E679-48F4-A9FC-8BDDAD0778D2}.Ad-Hoc|iPhone.Build.0 = Debug|iPhoneSimulator
		{D8D3D97A-E679-48F4-A9FC-8BDDAD0778D2}.Ad-Hoc|iPhoneSimulator.ActiveCfg = Release|iPhoneSimulator
		{D8D3D97A-E679-48F4-A9FC-8BDDAD0778D2}.Ad-Hoc|iPhoneSimulator.Build.0 = Release|iPhoneSimulator
		{D8D3D97A-E679-48F4-A9FC-8BDDAD0778D2}.Ad-Hoc|x64.ActiveCfg = Debug|iPhoneSimulator
		{D8D3D97A-E679-48F4-A9FC-8BDDAD0778D2}.Ad-Hoc|x64.Build.0 = Debug|iPhoneSimulator
		{D8D3D97A-E679-48F4-A9FC-8BDDAD0778D2}.Ad-Hoc|x86.ActiveCfg = Debug|iPhoneSimulator
		{D8D3D97A-E679-48F4-A9FC-8BDDAD0778D2}.Ad-Hoc|x86.Build.0 = Debug|iPhoneSimulator
		{D8D3D97A-E679-48F4-A9FC-8BDDAD0778D2}.AppStore|Any CPU.ActiveCfg = Debug|iPhoneSimulator
		{D8D3D97A-E679-48F4-A9FC-8BDDAD0778D2}.AppStore|Any CPU.Build.0 = Debug|iPhoneSimulator
		{D8D3D97A-E679-48F4-A9FC-8BDDAD0778D2}.AppStore|ARM.ActiveCfg = Debug|iPhoneSimulator
		{D8D3D97A-E679-48F4-A9FC-8BDDAD0778D2}.AppStore|ARM.Build.0 = Debug|iPhoneSimulator
		{D8D3D97A-E679-48F4-A9FC-8BDDAD0778D2}.AppStore|iPhone.ActiveCfg = Debug|iPhoneSimulator
		{D8D3D97A-E679-48F4-A9FC-8BDDAD0778D2}.AppStore|iPhone.Build.0 = Debug|iPhoneSimulator
		{D8D3D97A-E679-48F4-A9FC-8BDDAD0778D2}.AppStore|iPhoneSimulator.ActiveCfg = Release|iPhoneSimulator
		{D8D3D97A-E679-48F4-A9FC-8BDDAD0778D2}.AppStore|iPhoneSimulator.Build.0 = Release|iPhoneSimulator
		{D8D3D97A-E679-48F4-A9FC-8BDDAD0778D2}.AppStore|x64.ActiveCfg = Debug|iPhoneSimulator
		{D8D3D97A-E679-48F4-A9FC-8BDDAD0778D2}.AppStore|x64.Build.0 = Debug|iPhoneSimulator
		{D8D3D97A-E679-48F4-A9FC-8BDDAD0778D2}.AppStore|x86.ActiveCfg = Debug|iPhoneSimulator
		{D8D3D97A-E679-48F4-A9FC-8BDDAD0778D2}.AppStore|x86.Build.0 = Debug|iPhoneSimulator
		{D8D3D97A-E679-48F4-A9FC-8BDDAD0778D2}.Debug|Any CPU.ActiveCfg = Debug|iPhoneSimulator
		{D8D3D97A-E679-48F4-A9FC-8BDDAD0778D2}.Debug|Any CPU.Build.0 = Debug|iPhoneSimulator
		{D8D3D97A-E679-48F4-A9FC-8BDDAD0778D2}.Debug|ARM.ActiveCfg = Debug|iPhoneSimulator
		{D8D3D97A-E679-48F4-A9FC-8BDDAD0778D2}.Debug|ARM.Build.0 = Debug|iPhoneSimulator
		{D8D3D97A-E679-48F4-A9FC-8BDDAD0778D2}.Debug|iPhone.ActiveCfg = Debug|iPhoneSimulator
		{D8D3D97A-E679-48F4-A9FC-8BDDAD0778D2}.Debug|iPhone.Build.0 = Debug|iPhoneSimulator
		{D8D3D97A-E679-48F4-A9FC-8BDDAD0778D2}.Debug|iPhoneSimulator.ActiveCfg = Debug|iPhoneSimulator
		{D8D3D97A-E679-48F4-A9FC-8BDDAD0778D2}.Debug|iPhoneSimulator.Build.0 = Debug|iPhoneSimulator
		{D8D3D97A-E679-48F4-A9FC-8BDDAD0778D2}.Debug|x64.ActiveCfg = Debug|iPhoneSimulator
		{D8D3D97A-E679-48F4-A9FC-8BDDAD0778D2}.Debug|x64.Build.0 = Debug|iPhoneSimulator
		{D8D3D97A-E679-48F4-A9FC-8BDDAD0778D2}.Debug|x86.ActiveCfg = Debug|iPhoneSimulator
		{D8D3D97A-E679-48F4-A9FC-8BDDAD0778D2}.Debug|x86.Build.0 = Debug|iPhoneSimulator
		{D8D3D97A-E679-48F4-A9FC-8BDDAD0778D2}.Release|Any CPU.ActiveCfg = Release|iPhoneSimulator
		{D8D3D97A-E679-48F4-A9FC-8BDDAD0778D2}.Release|Any CPU.Build.0 = Release|iPhoneSimulator
		{D8D3D97A-E679-48F4-A9FC-8BDDAD0778D2}.Release|ARM.ActiveCfg = Release|iPhoneSimulator
		{D8D3D97A-E679-48F4-A9FC-8BDDAD0778D2}.Release|ARM.Build.0 = Release|iPhoneSimulator
		{D8D3D97A-E679-48F4-A9FC-8BDDAD0778D2}.Release|iPhone.ActiveCfg = Release|iPhoneSimulator
		{D8D3D97A-E679-48F4-A9FC-8BDDAD0778D2}.Release|iPhone.Build.0 = Release|iPhoneSimulator
		{D8D3D97A-E679-48F4-A9FC-8BDDAD0778D2}.Release|iPhoneSimulator.ActiveCfg = Release|iPhoneSimulator
		{D8D3D97A-E679-48F4-A9FC-8BDDAD0778D2}.Release|iPhoneSimulator.Build.0 = Release|iPhoneSimulator
		{D8D3D97A-E679-48F4-A9FC-8BDDAD0778D2}.Release|x64.ActiveCfg = Release|iPhoneSimulator
		{D8D3D97A-E679-48F4-A9FC-8BDDAD0778D2}.Release|x64.Build.0 = Release|iPhoneSimulator
		{D8D3D97A-E679-48F4-A9FC-8BDDAD0778D2}.Release|x86.ActiveCfg = Release|iPhoneSimulator
		{D8D3D97A-E679-48F4-A9FC-8BDDAD0778D2}.Release|x86.Build.0 = Release|iPhoneSimulator
		{C99DB4A0-9987-45E2-9F9E-D27D09F743CF}.Ad-Hoc|Any CPU.ActiveCfg = Debug|Any CPU
		{C99DB4A0-9987-45E2-9F9E-D27D09F743CF}.Ad-Hoc|Any CPU.Build.0 = Debug|Any CPU
		{C99DB4A0-9987-45E2-9F9E-D27D09F743CF}.Ad-Hoc|ARM.ActiveCfg = Debug|Any CPU
		{C99DB4A0-9987-45E2-9F9E-D27D09F743CF}.Ad-Hoc|ARM.Build.0 = Debug|Any CPU
		{C99DB4A0-9987-45E2-9F9E-D27D09F743CF}.Ad-Hoc|iPhone.ActiveCfg = Debug|Any CPU
		{C99DB4A0-9987-45E2-9F9E-D27D09F743CF}.Ad-Hoc|iPhone.Build.0 = Debug|Any CPU
		{C99DB4A0-9987-45E2-9F9E-D27D09F743CF}.Ad-Hoc|iPhoneSimulator.ActiveCfg = Debug|Any CPU
		{C99DB4A0-9987-45E2-9F9E-D27D09F743CF}.Ad-Hoc|iPhoneSimulator.Build.0 = Debug|Any CPU
		{C99DB4A0-9987-45E2-9F9E-D27D09F743CF}.Ad-Hoc|x64.ActiveCfg = Debug|Any CPU
		{C99DB4A0-9987-45E2-9F9E-D27D09F743CF}.Ad-Hoc|x64.Build.0 = Debug|Any CPU
		{C99DB4A0-9987-45E2-9F9E-D27D09F743CF}.Ad-Hoc|x86.ActiveCfg = Debug|Any CPU
		{C99DB4A0-9987-45E2-9F9E-D27D09F743CF}.Ad-Hoc|x86.Build.0 = Debug|Any CPU
		{C99DB4A0-9987-45E2-9F9E-D27D09F743CF}.AppStore|Any CPU.ActiveCfg = Debug|Any CPU
		{C99DB4A0-9987-45E2-9F9E-D27D09F743CF}.AppStore|Any CPU.Build.0 = Debug|Any CPU
		{C99DB4A0-9987-45E2-9F9E-D27D09F743CF}.AppStore|ARM.ActiveCfg = Debug|Any CPU
		{C99DB4A0-9987-45E2-9F9E-D27D09F743CF}.AppStore|ARM.Build.0 = Debug|Any CPU
		{C99DB4A0-9987-45E2-9F9E-D27D09F743CF}.AppStore|iPhone.ActiveCfg = Debug|Any CPU
		{C99DB4A0-9987-45E2-9F9E-D27D09F743CF}.AppStore|iPhone.Build.0 = Debug|Any CPU
		{C99DB4A0-9987-45E2-9F9E-D27D09F743CF}.AppStore|iPhoneSimulator.ActiveCfg = Debug|Any CPU
		{C99DB4A0-9987-45E2-9F9E-D27D09F743CF}.AppStore|iPhoneSimulator.Build.0 = Debug|Any CPU
		{C99DB4A0-9987-45E2-9F9E-D27D09F743CF}.AppStore|x64.ActiveCfg = Debug|Any CPU
		{C99DB4A0-9987-45E2-9F9E-D27D09F743CF}.AppStore|x64.Build.0 = Debug|Any CPU
		{C99DB4A0-9987-45E2-9F9E-D27D09F743CF}.AppStore|x86.ActiveCfg = Debug|Any CPU
		{C99DB4A0-9987-45E2-9F9E-D27D09F743CF}.AppStore|x86.Build.0 = Debug|Any CPU
		{C99DB4A0-9987-45E2-9F9E-D27D09F743CF}.Debug|Any CPU.ActiveCfg = Debug|Any CPU
		{C99DB4A0-9987-45E2-9F9E-D27D09F743CF}.Debug|Any CPU.Build.0 = Debug|Any CPU
		{C99DB4A0-9987-45E2-9F9E-D27D09F743CF}.Debug|ARM.ActiveCfg = Debug|Any CPU
		{C99DB4A0-9987-45E2-9F9E-D27D09F743CF}.Debug|ARM.Build.0 = Debug|Any CPU
		{C99DB4A0-9987-45E2-9F9E-D27D09F743CF}.Debug|iPhone.ActiveCfg = Debug|Any CPU
		{C99DB4A0-9987-45E2-9F9E-D27D09F743CF}.Debug|iPhone.Build.0 = Debug|Any CPU
		{C99DB4A0-9987-45E2-9F9E-D27D09F743CF}.Debug|iPhoneSimulator.ActiveCfg = Debug|Any CPU
		{C99DB4A0-9987-45E2-9F9E-D27D09F743CF}.Debug|iPhoneSimulator.Build.0 = Debug|Any CPU
		{C99DB4A0-9987-45E2-9F9E-D27D09F743CF}.Debug|x64.ActiveCfg = Debug|Any CPU
		{C99DB4A0-9987-45E2-9F9E-D27D09F743CF}.Debug|x64.Build.0 = Debug|Any CPU
		{C99DB4A0-9987-45E2-9F9E-D27D09F743CF}.Debug|x86.ActiveCfg = Debug|Any CPU
		{C99DB4A0-9987-45E2-9F9E-D27D09F743CF}.Debug|x86.Build.0 = Debug|Any CPU
		{C99DB4A0-9987-45E2-9F9E-D27D09F743CF}.Release|Any CPU.ActiveCfg = Release|Any CPU
		{C99DB4A0-9987-45E2-9F9E-D27D09F743CF}.Release|Any CPU.Build.0 = Release|Any CPU
		{C99DB4A0-9987-45E2-9F9E-D27D09F743CF}.Release|ARM.ActiveCfg = Release|Any CPU
		{C99DB4A0-9987-45E2-9F9E-D27D09F743CF}.Release|ARM.Build.0 = Release|Any CPU
		{C99DB4A0-9987-45E2-9F9E-D27D09F743CF}.Release|iPhone.ActiveCfg = Release|Any CPU
		{C99DB4A0-9987-45E2-9F9E-D27D09F743CF}.Release|iPhone.Build.0 = Release|Any CPU
		{C99DB4A0-9987-45E2-9F9E-D27D09F743CF}.Release|iPhoneSimulator.ActiveCfg = Release|Any CPU
		{C99DB4A0-9987-45E2-9F9E-D27D09F743CF}.Release|iPhoneSimulator.Build.0 = Release|Any CPU
		{C99DB4A0-9987-45E2-9F9E-D27D09F743CF}.Release|x64.ActiveCfg = Release|Any CPU
		{C99DB4A0-9987-45E2-9F9E-D27D09F743CF}.Release|x64.Build.0 = Release|Any CPU
		{C99DB4A0-9987-45E2-9F9E-D27D09F743CF}.Release|x86.ActiveCfg = Release|Any CPU
		{C99DB4A0-9987-45E2-9F9E-D27D09F743CF}.Release|x86.Build.0 = Release|Any CPU
		{33FE7079-B3CF-49B3-89C1-165EF78457B4}.Ad-Hoc|Any CPU.ActiveCfg = Debug|Any CPU
		{33FE7079-B3CF-49B3-89C1-165EF78457B4}.Ad-Hoc|Any CPU.Build.0 = Debug|Any CPU
		{33FE7079-B3CF-49B3-89C1-165EF78457B4}.Ad-Hoc|ARM.ActiveCfg = Debug|Any CPU
		{33FE7079-B3CF-49B3-89C1-165EF78457B4}.Ad-Hoc|ARM.Build.0 = Debug|Any CPU
		{33FE7079-B3CF-49B3-89C1-165EF78457B4}.Ad-Hoc|iPhone.ActiveCfg = Debug|Any CPU
		{33FE7079-B3CF-49B3-89C1-165EF78457B4}.Ad-Hoc|iPhone.Build.0 = Debug|Any CPU
		{33FE7079-B3CF-49B3-89C1-165EF78457B4}.Ad-Hoc|iPhoneSimulator.ActiveCfg = Debug|Any CPU
		{33FE7079-B3CF-49B3-89C1-165EF78457B4}.Ad-Hoc|iPhoneSimulator.Build.0 = Debug|Any CPU
		{33FE7079-B3CF-49B3-89C1-165EF78457B4}.Ad-Hoc|x64.ActiveCfg = Debug|Any CPU
		{33FE7079-B3CF-49B3-89C1-165EF78457B4}.Ad-Hoc|x64.Build.0 = Debug|Any CPU
		{33FE7079-B3CF-49B3-89C1-165EF78457B4}.Ad-Hoc|x86.ActiveCfg = Debug|Any CPU
		{33FE7079-B3CF-49B3-89C1-165EF78457B4}.Ad-Hoc|x86.Build.0 = Debug|Any CPU
		{33FE7079-B3CF-49B3-89C1-165EF78457B4}.AppStore|Any CPU.ActiveCfg = Debug|Any CPU
		{33FE7079-B3CF-49B3-89C1-165EF78457B4}.AppStore|Any CPU.Build.0 = Debug|Any CPU
		{33FE7079-B3CF-49B3-89C1-165EF78457B4}.AppStore|ARM.ActiveCfg = Debug|Any CPU
		{33FE7079-B3CF-49B3-89C1-165EF78457B4}.AppStore|ARM.Build.0 = Debug|Any CPU
		{33FE7079-B3CF-49B3-89C1-165EF78457B4}.AppStore|iPhone.ActiveCfg = Debug|Any CPU
		{33FE7079-B3CF-49B3-89C1-165EF78457B4}.AppStore|iPhone.Build.0 = Debug|Any CPU
		{33FE7079-B3CF-49B3-89C1-165EF78457B4}.AppStore|iPhoneSimulator.ActiveCfg = Debug|Any CPU
		{33FE7079-B3CF-49B3-89C1-165EF78457B4}.AppStore|iPhoneSimulator.Build.0 = Debug|Any CPU
		{33FE7079-B3CF-49B3-89C1-165EF78457B4}.AppStore|x64.ActiveCfg = Debug|Any CPU
		{33FE7079-B3CF-49B3-89C1-165EF78457B4}.AppStore|x64.Build.0 = Debug|Any CPU
		{33FE7079-B3CF-49B3-89C1-165EF78457B4}.AppStore|x86.ActiveCfg = Debug|Any CPU
		{33FE7079-B3CF-49B3-89C1-165EF78457B4}.AppStore|x86.Build.0 = Debug|Any CPU
		{33FE7079-B3CF-49B3-89C1-165EF78457B4}.Debug|Any CPU.ActiveCfg = Debug|Any CPU
		{33FE7079-B3CF-49B3-89C1-165EF78457B4}.Debug|Any CPU.Build.0 = Debug|Any CPU
		{33FE7079-B3CF-49B3-89C1-165EF78457B4}.Debug|ARM.ActiveCfg = Debug|Any CPU
		{33FE7079-B3CF-49B3-89C1-165EF78457B4}.Debug|ARM.Build.0 = Debug|Any CPU
		{33FE7079-B3CF-49B3-89C1-165EF78457B4}.Debug|iPhone.ActiveCfg = Debug|Any CPU
		{33FE7079-B3CF-49B3-89C1-165EF78457B4}.Debug|iPhone.Build.0 = Debug|Any CPU
		{33FE7079-B3CF-49B3-89C1-165EF78457B4}.Debug|iPhoneSimulator.ActiveCfg = Debug|Any CPU
		{33FE7079-B3CF-49B3-89C1-165EF78457B4}.Debug|iPhoneSimulator.Build.0 = Debug|Any CPU
		{33FE7079-B3CF-49B3-89C1-165EF78457B4}.Debug|x64.ActiveCfg = Debug|Any CPU
		{33FE7079-B3CF-49B3-89C1-165EF78457B4}.Debug|x64.Build.0 = Debug|Any CPU
		{33FE7079-B3CF-49B3-89C1-165EF78457B4}.Debug|x86.ActiveCfg = Debug|Any CPU
		{33FE7079-B3CF-49B3-89C1-165EF78457B4}.Debug|x86.Build.0 = Debug|Any CPU
		{33FE7079-B3CF-49B3-89C1-165EF78457B4}.Release|Any CPU.ActiveCfg = Release|Any CPU
		{33FE7079-B3CF-49B3-89C1-165EF78457B4}.Release|Any CPU.Build.0 = Release|Any CPU
		{33FE7079-B3CF-49B3-89C1-165EF78457B4}.Release|ARM.ActiveCfg = Release|Any CPU
		{33FE7079-B3CF-49B3-89C1-165EF78457B4}.Release|ARM.Build.0 = Release|Any CPU
		{33FE7079-B3CF-49B3-89C1-165EF78457B4}.Release|iPhone.ActiveCfg = Release|Any CPU
		{33FE7079-B3CF-49B3-89C1-165EF78457B4}.Release|iPhone.Build.0 = Release|Any CPU
		{33FE7079-B3CF-49B3-89C1-165EF78457B4}.Release|iPhoneSimulator.ActiveCfg = Release|Any CPU
		{33FE7079-B3CF-49B3-89C1-165EF78457B4}.Release|iPhoneSimulator.Build.0 = Release|Any CPU
		{33FE7079-B3CF-49B3-89C1-165EF78457B4}.Release|x64.ActiveCfg = Release|Any CPU
		{33FE7079-B3CF-49B3-89C1-165EF78457B4}.Release|x64.Build.0 = Release|Any CPU
		{33FE7079-B3CF-49B3-89C1-165EF78457B4}.Release|x86.ActiveCfg = Release|Any CPU
		{33FE7079-B3CF-49B3-89C1-165EF78457B4}.Release|x86.Build.0 = Release|Any CPU
		{7E49A4EB-9AB9-4FE2-BCEC-A9C41A22B575}.Ad-Hoc|Any CPU.ActiveCfg = Release|Any CPU
		{7E49A4EB-9AB9-4FE2-BCEC-A9C41A22B575}.Ad-Hoc|Any CPU.Build.0 = Release|Any CPU
		{7E49A4EB-9AB9-4FE2-BCEC-A9C41A22B575}.Ad-Hoc|ARM.ActiveCfg = Release|Any CPU
		{7E49A4EB-9AB9-4FE2-BCEC-A9C41A22B575}.Ad-Hoc|ARM.Build.0 = Release|Any CPU
		{7E49A4EB-9AB9-4FE2-BCEC-A9C41A22B575}.Ad-Hoc|iPhone.ActiveCfg = Release|Any CPU
		{7E49A4EB-9AB9-4FE2-BCEC-A9C41A22B575}.Ad-Hoc|iPhone.Build.0 = Release|Any CPU
		{7E49A4EB-9AB9-4FE2-BCEC-A9C41A22B575}.Ad-Hoc|iPhoneSimulator.ActiveCfg = Release|Any CPU
		{7E49A4EB-9AB9-4FE2-BCEC-A9C41A22B575}.Ad-Hoc|iPhoneSimulator.Build.0 = Release|Any CPU
		{7E49A4EB-9AB9-4FE2-BCEC-A9C41A22B575}.Ad-Hoc|x64.ActiveCfg = Release|Any CPU
		{7E49A4EB-9AB9-4FE2-BCEC-A9C41A22B575}.Ad-Hoc|x64.Build.0 = Release|Any CPU
		{7E49A4EB-9AB9-4FE2-BCEC-A9C41A22B575}.Ad-Hoc|x86.ActiveCfg = Release|Any CPU
		{7E49A4EB-9AB9-4FE2-BCEC-A9C41A22B575}.Ad-Hoc|x86.Build.0 = Release|Any CPU
		{7E49A4EB-9AB9-4FE2-BCEC-A9C41A22B575}.AppStore|Any CPU.ActiveCfg = Release|Any CPU
		{7E49A4EB-9AB9-4FE2-BCEC-A9C41A22B575}.AppStore|Any CPU.Build.0 = Release|Any CPU
		{7E49A4EB-9AB9-4FE2-BCEC-A9C41A22B575}.AppStore|ARM.ActiveCfg = Release|Any CPU
		{7E49A4EB-9AB9-4FE2-BCEC-A9C41A22B575}.AppStore|ARM.Build.0 = Release|Any CPU
		{7E49A4EB-9AB9-4FE2-BCEC-A9C41A22B575}.AppStore|iPhone.ActiveCfg = Release|Any CPU
		{7E49A4EB-9AB9-4FE2-BCEC-A9C41A22B575}.AppStore|iPhone.Build.0 = Release|Any CPU
		{7E49A4EB-9AB9-4FE2-BCEC-A9C41A22B575}.AppStore|iPhoneSimulator.ActiveCfg = Release|Any CPU
		{7E49A4EB-9AB9-4FE2-BCEC-A9C41A22B575}.AppStore|iPhoneSimulator.Build.0 = Release|Any CPU
		{7E49A4EB-9AB9-4FE2-BCEC-A9C41A22B575}.AppStore|x64.ActiveCfg = Release|Any CPU
		{7E49A4EB-9AB9-4FE2-BCEC-A9C41A22B575}.AppStore|x64.Build.0 = Release|Any CPU
		{7E49A4EB-9AB9-4FE2-BCEC-A9C41A22B575}.AppStore|x86.ActiveCfg = Release|Any CPU
		{7E49A4EB-9AB9-4FE2-BCEC-A9C41A22B575}.AppStore|x86.Build.0 = Release|Any CPU
		{7E49A4EB-9AB9-4FE2-BCEC-A9C41A22B575}.Debug|Any CPU.ActiveCfg = Debug|Any CPU
		{7E49A4EB-9AB9-4FE2-BCEC-A9C41A22B575}.Debug|Any CPU.Build.0 = Debug|Any CPU
		{7E49A4EB-9AB9-4FE2-BCEC-A9C41A22B575}.Debug|ARM.ActiveCfg = Debug|Any CPU
		{7E49A4EB-9AB9-4FE2-BCEC-A9C41A22B575}.Debug|ARM.Build.0 = Debug|Any CPU
		{7E49A4EB-9AB9-4FE2-BCEC-A9C41A22B575}.Debug|iPhone.ActiveCfg = Debug|Any CPU
		{7E49A4EB-9AB9-4FE2-BCEC-A9C41A22B575}.Debug|iPhone.Build.0 = Debug|Any CPU
		{7E49A4EB-9AB9-4FE2-BCEC-A9C41A22B575}.Debug|iPhoneSimulator.ActiveCfg = Debug|Any CPU
		{7E49A4EB-9AB9-4FE2-BCEC-A9C41A22B575}.Debug|iPhoneSimulator.Build.0 = Debug|Any CPU
		{7E49A4EB-9AB9-4FE2-BCEC-A9C41A22B575}.Debug|x64.ActiveCfg = Debug|Any CPU
		{7E49A4EB-9AB9-4FE2-BCEC-A9C41A22B575}.Debug|x64.Build.0 = Debug|Any CPU
		{7E49A4EB-9AB9-4FE2-BCEC-A9C41A22B575}.Debug|x86.ActiveCfg = Debug|Any CPU
		{7E49A4EB-9AB9-4FE2-BCEC-A9C41A22B575}.Debug|x86.Build.0 = Debug|Any CPU
		{7E49A4EB-9AB9-4FE2-BCEC-A9C41A22B575}.Release|Any CPU.ActiveCfg = Release|Any CPU
		{7E49A4EB-9AB9-4FE2-BCEC-A9C41A22B575}.Release|Any CPU.Build.0 = Release|Any CPU
		{7E49A4EB-9AB9-4FE2-BCEC-A9C41A22B575}.Release|ARM.ActiveCfg = Release|Any CPU
		{7E49A4EB-9AB9-4FE2-BCEC-A9C41A22B575}.Release|ARM.Build.0 = Release|Any CPU
		{7E49A4EB-9AB9-4FE2-BCEC-A9C41A22B575}.Release|iPhone.ActiveCfg = Release|Any CPU
		{7E49A4EB-9AB9-4FE2-BCEC-A9C41A22B575}.Release|iPhone.Build.0 = Release|Any CPU
		{7E49A4EB-9AB9-4FE2-BCEC-A9C41A22B575}.Release|iPhoneSimulator.ActiveCfg = Release|Any CPU
		{7E49A4EB-9AB9-4FE2-BCEC-A9C41A22B575}.Release|iPhoneSimulator.Build.0 = Release|Any CPU
		{7E49A4EB-9AB9-4FE2-BCEC-A9C41A22B575}.Release|x64.ActiveCfg = Release|Any CPU
		{7E49A4EB-9AB9-4FE2-BCEC-A9C41A22B575}.Release|x64.Build.0 = Release|Any CPU
		{7E49A4EB-9AB9-4FE2-BCEC-A9C41A22B575}.Release|x86.ActiveCfg = Release|Any CPU
		{7E49A4EB-9AB9-4FE2-BCEC-A9C41A22B575}.Release|x86.Build.0 = Release|Any CPU
		{D315C08F-658E-4702-BEC1-36F16CC4FC40}.Ad-Hoc|Any CPU.ActiveCfg = Release|Any CPU
		{D315C08F-658E-4702-BEC1-36F16CC4FC40}.Ad-Hoc|Any CPU.Build.0 = Release|Any CPU
		{D315C08F-658E-4702-BEC1-36F16CC4FC40}.Ad-Hoc|ARM.ActiveCfg = Release|Any CPU
		{D315C08F-658E-4702-BEC1-36F16CC4FC40}.Ad-Hoc|ARM.Build.0 = Release|Any CPU
		{D315C08F-658E-4702-BEC1-36F16CC4FC40}.Ad-Hoc|iPhone.ActiveCfg = Release|Any CPU
		{D315C08F-658E-4702-BEC1-36F16CC4FC40}.Ad-Hoc|iPhone.Build.0 = Release|Any CPU
		{D315C08F-658E-4702-BEC1-36F16CC4FC40}.Ad-Hoc|iPhoneSimulator.ActiveCfg = Release|Any CPU
		{D315C08F-658E-4702-BEC1-36F16CC4FC40}.Ad-Hoc|iPhoneSimulator.Build.0 = Release|Any CPU
		{D315C08F-658E-4702-BEC1-36F16CC4FC40}.Ad-Hoc|x64.ActiveCfg = Release|Any CPU
		{D315C08F-658E-4702-BEC1-36F16CC4FC40}.Ad-Hoc|x64.Build.0 = Release|Any CPU
		{D315C08F-658E-4702-BEC1-36F16CC4FC40}.Ad-Hoc|x86.ActiveCfg = Release|Any CPU
		{D315C08F-658E-4702-BEC1-36F16CC4FC40}.Ad-Hoc|x86.Build.0 = Release|Any CPU
		{D315C08F-658E-4702-BEC1-36F16CC4FC40}.AppStore|Any CPU.ActiveCfg = Release|Any CPU
		{D315C08F-658E-4702-BEC1-36F16CC4FC40}.AppStore|Any CPU.Build.0 = Release|Any CPU
		{D315C08F-658E-4702-BEC1-36F16CC4FC40}.AppStore|ARM.ActiveCfg = Release|Any CPU
		{D315C08F-658E-4702-BEC1-36F16CC4FC40}.AppStore|ARM.Build.0 = Release|Any CPU
		{D315C08F-658E-4702-BEC1-36F16CC4FC40}.AppStore|iPhone.ActiveCfg = Release|Any CPU
		{D315C08F-658E-4702-BEC1-36F16CC4FC40}.AppStore|iPhone.Build.0 = Release|Any CPU
		{D315C08F-658E-4702-BEC1-36F16CC4FC40}.AppStore|iPhoneSimulator.ActiveCfg = Release|Any CPU
		{D315C08F-658E-4702-BEC1-36F16CC4FC40}.AppStore|iPhoneSimulator.Build.0 = Release|Any CPU
		{D315C08F-658E-4702-BEC1-36F16CC4FC40}.AppStore|x64.ActiveCfg = Release|Any CPU
		{D315C08F-658E-4702-BEC1-36F16CC4FC40}.AppStore|x64.Build.0 = Release|Any CPU
		{D315C08F-658E-4702-BEC1-36F16CC4FC40}.AppStore|x86.ActiveCfg = Release|Any CPU
		{D315C08F-658E-4702-BEC1-36F16CC4FC40}.AppStore|x86.Build.0 = Release|Any CPU
		{D315C08F-658E-4702-BEC1-36F16CC4FC40}.Debug|Any CPU.ActiveCfg = Debug|Any CPU
		{D315C08F-658E-4702-BEC1-36F16CC4FC40}.Debug|Any CPU.Build.0 = Debug|Any CPU
		{D315C08F-658E-4702-BEC1-36F16CC4FC40}.Debug|ARM.ActiveCfg = Debug|Any CPU
		{D315C08F-658E-4702-BEC1-36F16CC4FC40}.Debug|ARM.Build.0 = Debug|Any CPU
		{D315C08F-658E-4702-BEC1-36F16CC4FC40}.Debug|iPhone.ActiveCfg = Debug|Any CPU
		{D315C08F-658E-4702-BEC1-36F16CC4FC40}.Debug|iPhone.Build.0 = Debug|Any CPU
		{D315C08F-658E-4702-BEC1-36F16CC4FC40}.Debug|iPhoneSimulator.ActiveCfg = Debug|Any CPU
		{D315C08F-658E-4702-BEC1-36F16CC4FC40}.Debug|iPhoneSimulator.Build.0 = Debug|Any CPU
		{D315C08F-658E-4702-BEC1-36F16CC4FC40}.Debug|x64.ActiveCfg = Debug|Any CPU
		{D315C08F-658E-4702-BEC1-36F16CC4FC40}.Debug|x64.Build.0 = Debug|Any CPU
		{D315C08F-658E-4702-BEC1-36F16CC4FC40}.Debug|x86.ActiveCfg = Debug|Any CPU
		{D315C08F-658E-4702-BEC1-36F16CC4FC40}.Debug|x86.Build.0 = Debug|Any CPU
		{D315C08F-658E-4702-BEC1-36F16CC4FC40}.Release|Any CPU.ActiveCfg = Release|Any CPU
		{D315C08F-658E-4702-BEC1-36F16CC4FC40}.Release|Any CPU.Build.0 = Release|Any CPU
		{D315C08F-658E-4702-BEC1-36F16CC4FC40}.Release|ARM.ActiveCfg = Release|Any CPU
		{D315C08F-658E-4702-BEC1-36F16CC4FC40}.Release|ARM.Build.0 = Release|Any CPU
		{D315C08F-658E-4702-BEC1-36F16CC4FC40}.Release|iPhone.ActiveCfg = Release|Any CPU
		{D315C08F-658E-4702-BEC1-36F16CC4FC40}.Release|iPhone.Build.0 = Release|Any CPU
		{D315C08F-658E-4702-BEC1-36F16CC4FC40}.Release|iPhoneSimulator.ActiveCfg = Release|Any CPU
		{D315C08F-658E-4702-BEC1-36F16CC4FC40}.Release|iPhoneSimulator.Build.0 = Release|Any CPU
		{D315C08F-658E-4702-BEC1-36F16CC4FC40}.Release|x64.ActiveCfg = Release|Any CPU
		{D315C08F-658E-4702-BEC1-36F16CC4FC40}.Release|x64.Build.0 = Release|Any CPU
		{D315C08F-658E-4702-BEC1-36F16CC4FC40}.Release|x86.ActiveCfg = Release|Any CPU
		{D315C08F-658E-4702-BEC1-36F16CC4FC40}.Release|x86.Build.0 = Release|Any CPU
		{17311CD3-DA86-4669-8153-9BD37636EB05}.Ad-Hoc|Any CPU.ActiveCfg = Release|ARM
		{17311CD3-DA86-4669-8153-9BD37636EB05}.Ad-Hoc|Any CPU.Build.0 = Release|ARM
		{17311CD3-DA86-4669-8153-9BD37636EB05}.Ad-Hoc|Any CPU.Deploy.0 = Release|ARM
		{17311CD3-DA86-4669-8153-9BD37636EB05}.Ad-Hoc|ARM.ActiveCfg = Release|ARM
		{17311CD3-DA86-4669-8153-9BD37636EB05}.Ad-Hoc|ARM.Build.0 = Release|ARM
		{17311CD3-DA86-4669-8153-9BD37636EB05}.Ad-Hoc|ARM.Deploy.0 = Release|ARM
		{17311CD3-DA86-4669-8153-9BD37636EB05}.Ad-Hoc|iPhone.ActiveCfg = Release|ARM
		{17311CD3-DA86-4669-8153-9BD37636EB05}.Ad-Hoc|iPhone.Build.0 = Release|ARM
		{17311CD3-DA86-4669-8153-9BD37636EB05}.Ad-Hoc|iPhone.Deploy.0 = Release|ARM
		{17311CD3-DA86-4669-8153-9BD37636EB05}.Ad-Hoc|iPhoneSimulator.ActiveCfg = Release|ARM
		{17311CD3-DA86-4669-8153-9BD37636EB05}.Ad-Hoc|iPhoneSimulator.Build.0 = Release|ARM
		{17311CD3-DA86-4669-8153-9BD37636EB05}.Ad-Hoc|iPhoneSimulator.Deploy.0 = Release|ARM
		{17311CD3-DA86-4669-8153-9BD37636EB05}.Ad-Hoc|x64.ActiveCfg = Release|x64
		{17311CD3-DA86-4669-8153-9BD37636EB05}.Ad-Hoc|x64.Build.0 = Release|x64
		{17311CD3-DA86-4669-8153-9BD37636EB05}.Ad-Hoc|x64.Deploy.0 = Release|x64
		{17311CD3-DA86-4669-8153-9BD37636EB05}.Ad-Hoc|x86.ActiveCfg = Release|x86
		{17311CD3-DA86-4669-8153-9BD37636EB05}.Ad-Hoc|x86.Build.0 = Release|x86
		{17311CD3-DA86-4669-8153-9BD37636EB05}.Ad-Hoc|x86.Deploy.0 = Release|x86
		{17311CD3-DA86-4669-8153-9BD37636EB05}.AppStore|Any CPU.ActiveCfg = Release|ARM
		{17311CD3-DA86-4669-8153-9BD37636EB05}.AppStore|Any CPU.Build.0 = Release|ARM
		{17311CD3-DA86-4669-8153-9BD37636EB05}.AppStore|Any CPU.Deploy.0 = Release|ARM
		{17311CD3-DA86-4669-8153-9BD37636EB05}.AppStore|ARM.ActiveCfg = Release|ARM
		{17311CD3-DA86-4669-8153-9BD37636EB05}.AppStore|ARM.Build.0 = Release|ARM
		{17311CD3-DA86-4669-8153-9BD37636EB05}.AppStore|ARM.Deploy.0 = Release|ARM
		{17311CD3-DA86-4669-8153-9BD37636EB05}.AppStore|iPhone.ActiveCfg = Release|ARM
		{17311CD3-DA86-4669-8153-9BD37636EB05}.AppStore|iPhone.Build.0 = Release|ARM
		{17311CD3-DA86-4669-8153-9BD37636EB05}.AppStore|iPhone.Deploy.0 = Release|ARM
		{17311CD3-DA86-4669-8153-9BD37636EB05}.AppStore|iPhoneSimulator.ActiveCfg = Release|ARM
		{17311CD3-DA86-4669-8153-9BD37636EB05}.AppStore|iPhoneSimulator.Build.0 = Release|ARM
		{17311CD3-DA86-4669-8153-9BD37636EB05}.AppStore|iPhoneSimulator.Deploy.0 = Release|ARM
		{17311CD3-DA86-4669-8153-9BD37636EB05}.AppStore|x64.ActiveCfg = Release|x64
		{17311CD3-DA86-4669-8153-9BD37636EB05}.AppStore|x64.Build.0 = Release|x64
		{17311CD3-DA86-4669-8153-9BD37636EB05}.AppStore|x64.Deploy.0 = Release|x64
		{17311CD3-DA86-4669-8153-9BD37636EB05}.AppStore|x86.ActiveCfg = Release|x86
		{17311CD3-DA86-4669-8153-9BD37636EB05}.AppStore|x86.Build.0 = Release|x86
		{17311CD3-DA86-4669-8153-9BD37636EB05}.AppStore|x86.Deploy.0 = Release|x86
		{17311CD3-DA86-4669-8153-9BD37636EB05}.Debug|Any CPU.ActiveCfg = Debug|x86
		{17311CD3-DA86-4669-8153-9BD37636EB05}.Debug|ARM.ActiveCfg = Debug|ARM
		{17311CD3-DA86-4669-8153-9BD37636EB05}.Debug|ARM.Build.0 = Debug|ARM
		{17311CD3-DA86-4669-8153-9BD37636EB05}.Debug|ARM.Deploy.0 = Debug|ARM
		{17311CD3-DA86-4669-8153-9BD37636EB05}.Debug|iPhone.ActiveCfg = Debug|x86
		{17311CD3-DA86-4669-8153-9BD37636EB05}.Debug|iPhoneSimulator.ActiveCfg = Debug|x86
		{17311CD3-DA86-4669-8153-9BD37636EB05}.Debug|x64.ActiveCfg = Debug|x64
		{17311CD3-DA86-4669-8153-9BD37636EB05}.Debug|x64.Build.0 = Debug|x64
		{17311CD3-DA86-4669-8153-9BD37636EB05}.Debug|x64.Deploy.0 = Debug|x64
		{17311CD3-DA86-4669-8153-9BD37636EB05}.Debug|x86.ActiveCfg = Debug|x86
		{17311CD3-DA86-4669-8153-9BD37636EB05}.Debug|x86.Build.0 = Debug|x86
		{17311CD3-DA86-4669-8153-9BD37636EB05}.Debug|x86.Deploy.0 = Debug|x86
		{17311CD3-DA86-4669-8153-9BD37636EB05}.Release|Any CPU.ActiveCfg = Release|x86
		{17311CD3-DA86-4669-8153-9BD37636EB05}.Release|ARM.ActiveCfg = Release|ARM
		{17311CD3-DA86-4669-8153-9BD37636EB05}.Release|ARM.Build.0 = Release|ARM
		{17311CD3-DA86-4669-8153-9BD37636EB05}.Release|ARM.Deploy.0 = Release|ARM
		{17311CD3-DA86-4669-8153-9BD37636EB05}.Release|iPhone.ActiveCfg = Release|x86
		{17311CD3-DA86-4669-8153-9BD37636EB05}.Release|iPhoneSimulator.ActiveCfg = Release|x86
		{17311CD3-DA86-4669-8153-9BD37636EB05}.Release|x64.ActiveCfg = Release|x64
		{17311CD3-DA86-4669-8153-9BD37636EB05}.Release|x64.Build.0 = Release|x64
		{17311CD3-DA86-4669-8153-9BD37636EB05}.Release|x64.Deploy.0 = Release|x64
		{17311CD3-DA86-4669-8153-9BD37636EB05}.Release|x86.ActiveCfg = Release|x86
		{17311CD3-DA86-4669-8153-9BD37636EB05}.Release|x86.Build.0 = Release|x86
		{17311CD3-DA86-4669-8153-9BD37636EB05}.Release|x86.Deploy.0 = Release|x86
	EndGlobalSection
	GlobalSection(SolutionProperties) = preSolution
		HideSolutionNode = FALSE
	EndGlobalSection
	GlobalSection(ExtensibilityGlobals) = postSolution
		SolutionGuid = {69C0538F-205A-43CA-A7F7-9AEE0F17C743}
	EndGlobalSection
	GlobalSection(MonoDevelopProperties) = preSolution
		Policies = $0
		$0.DotNetNamingPolicy = $1
		$0.TextStylePolicy = $2
		$2.TabWidth = 2
		$2.IndentWidth = 2
		$2.scope = text/x-csharp
		$2.TabsToSpaces = True
		$0.CSharpFormattingPolicy = $3
		$3.scope = text/x-csharp
	EndGlobalSection
EndGlobal
