
Microsoft Visual Studio Solution File, Format Version 12.00
# Visual Studio 15
VisualStudioVersion = 15.0.26430.15
MinimumVisualStudioVersion = 10.0.40219.1
Project("{FAE04EC0-301F-11D3-BF4B-00C04F79EFBC}") = "Jam.NET.Desktop", "Desktop\Jam.NET.Desktop.csproj", "{7E49A4EB-9AB9-4FE2-BCEC-A9C41A22B575}"
EndProject
Project("{FAE04EC0-301F-11D3-BF4B-00C04F79EFBC}") = "Jam.NET", "Core\Jam.NET.csproj", "{F0A28AE2-863F-46B2-AC14-27A83DA0F596}"
EndProject
Project("{FAE04EC0-301F-11D3-BF4B-00C04F79EFBC}") = "Jam.NET.Mobile", "Mobile\Jam.NET.Mobile.csproj", "{6E6FA900-0D6A-4D65-9A1C-6CD54E1CD80D}"
EndProject
Project("{FAE04EC0-301F-11D3-BF4B-00C04F79EFBC}") = "Jam.NET.UWP", "UWP\Jam.NET.UWP.csproj", "{17311CD3-DA86-4669-8153-9BD37636EB05}"
EndProject
Project("{FAE04EC0-301F-11D3-BF4B-00C04F79EFBC}") = "Jam.NET.iOS", "iOS\Jam.NET.iOS.csproj", "{41182BA1-FEE1-4FF3-AC8D-5A234DDF8664}"
EndProject
Project("{FAE04EC0-301F-11D3-BF4B-00C04F79EFBC}") = "Jam.NET.Mobile.Core", "Mobile.Core\Jam.NET.Mobile.Core.csproj", "{67F9D3A8-F71E-4428-913F-C37AE82CDB24}"
EndProject
Project("{FAE04EC0-301F-11D3-BF4B-00C04F79EFBC}") = "Jam.NET.Client", "Client\Jam.NET.Client.csproj", "{7CA88F13-D142-4A6F-8B50-49012C62EFFF}"
EndProject
Global
	GlobalSection(SolutionConfigurationPlatforms) = preSolution
		Ad-Hoc|Any CPU = Ad-Hoc|Any CPU
		Ad-Hoc|ARM = Ad-Hoc|ARM
		Ad-Hoc|iPhone = Ad-Hoc|iPhone
		Ad-Hoc|iPhoneSimulator = Ad-Hoc|iPhoneSimulator
		Ad-Hoc|x64 = Ad-Hoc|x64
		Ad-Hoc|x86 = Ad-Hoc|x86
		AppStore|Any CPU = AppStore|Any CPU
		AppStore|ARM = AppStore|ARM
		AppStore|iPhone = AppStore|iPhone
		AppStore|iPhoneSimulator = AppStore|iPhoneSimulator
		AppStore|x64 = AppStore|x64
		AppStore|x86 = AppStore|x86
		Debug|Any CPU = Debug|Any CPU
		Debug|ARM = Debug|ARM
		Debug|iPhone = Debug|iPhone
		Debug|iPhoneSimulator = Debug|iPhoneSimulator
		Debug|x64 = Debug|x64
		Debug|x86 = Debug|x86
		Release|Any CPU = Release|Any CPU
		Release|ARM = Release|ARM
		Release|iPhone = Release|iPhone
		Release|iPhoneSimulator = Release|iPhoneSimulator
		Release|x64 = Release|x64
		Release|x86 = Release|x86
	EndGlobalSection
	GlobalSection(ProjectConfigurationPlatforms) = postSolution
		{7E49A4EB-9AB9-4FE2-BCEC-A9C41A22B575}.Ad-Hoc|Any CPU.ActiveCfg = Release|Any CPU
		{7E49A4EB-9AB9-4FE2-BCEC-A9C41A22B575}.Ad-Hoc|Any CPU.Build.0 = Release|Any CPU
		{7E49A4EB-9AB9-4FE2-BCEC-A9C41A22B575}.Ad-Hoc|ARM.ActiveCfg = Release|Any CPU
		{7E49A4EB-9AB9-4FE2-BCEC-A9C41A22B575}.Ad-Hoc|ARM.Build.0 = Release|Any CPU
		{7E49A4EB-9AB9-4FE2-BCEC-A9C41A22B575}.Ad-Hoc|iPhone.ActiveCfg = Release|Any CPU
		{7E49A4EB-9AB9-4FE2-BCEC-A9C41A22B575}.Ad-Hoc|iPhone.Build.0 = Release|Any CPU
		{7E49A4EB-9AB9-4FE2-BCEC-A9C41A22B575}.Ad-Hoc|iPhoneSimulator.ActiveCfg = Release|Any CPU
		{7E49A4EB-9AB9-4FE2-BCEC-A9C41A22B575}.Ad-Hoc|iPhoneSimulator.Build.0 = Release|Any CPU
		{7E49A4EB-9AB9-4FE2-BCEC-A9C41A22B575}.Ad-Hoc|x64.ActiveCfg = Release|Any CPU
		{7E49A4EB-9AB9-4FE2-BCEC-A9C41A22B575}.Ad-Hoc|x64.Build.0 = Release|Any CPU
		{7E49A4EB-9AB9-4FE2-BCEC-A9C41A22B575}.Ad-Hoc|x86.ActiveCfg = Release|Any CPU
		{7E49A4EB-9AB9-4FE2-BCEC-A9C41A22B575}.Ad-Hoc|x86.Build.0 = Release|Any CPU
		{7E49A4EB-9AB9-4FE2-BCEC-A9C41A22B575}.AppStore|Any CPU.ActiveCfg = Release|Any CPU
		{7E49A4EB-9AB9-4FE2-BCEC-A9C41A22B575}.AppStore|Any CPU.Build.0 = Release|Any CPU
		{7E49A4EB-9AB9-4FE2-BCEC-A9C41A22B575}.AppStore|ARM.ActiveCfg = Release|Any CPU
		{7E49A4EB-9AB9-4FE2-BCEC-A9C41A22B575}.AppStore|ARM.Build.0 = Release|Any CPU
		{7E49A4EB-9AB9-4FE2-BCEC-A9C41A22B575}.AppStore|iPhone.ActiveCfg = Release|Any CPU
		{7E49A4EB-9AB9-4FE2-BCEC-A9C41A22B575}.AppStore|iPhone.Build.0 = Release|Any CPU
		{7E49A4EB-9AB9-4FE2-BCEC-A9C41A22B575}.AppStore|iPhoneSimulator.ActiveCfg = Release|Any CPU
		{7E49A4EB-9AB9-4FE2-BCEC-A9C41A22B575}.AppStore|iPhoneSimulator.Build.0 = Release|Any CPU
		{7E49A4EB-9AB9-4FE2-BCEC-A9C41A22B575}.AppStore|x64.ActiveCfg = Release|Any CPU
		{7E49A4EB-9AB9-4FE2-BCEC-A9C41A22B575}.AppStore|x64.Build.0 = Release|Any CPU
		{7E49A4EB-9AB9-4FE2-BCEC-A9C41A22B575}.AppStore|x86.ActiveCfg = Release|Any CPU
		{7E49A4EB-9AB9-4FE2-BCEC-A9C41A22B575}.AppStore|x86.Build.0 = Release|Any CPU
		{7E49A4EB-9AB9-4FE2-BCEC-A9C41A22B575}.Debug|Any CPU.ActiveCfg = Debug|Any CPU
		{7E49A4EB-9AB9-4FE2-BCEC-A9C41A22B575}.Debug|Any CPU.Build.0 = Debug|Any CPU
		{7E49A4EB-9AB9-4FE2-BCEC-A9C41A22B575}.Debug|ARM.ActiveCfg = Debug|Any CPU
		{7E49A4EB-9AB9-4FE2-BCEC-A9C41A22B575}.Debug|ARM.Build.0 = Debug|Any CPU
		{7E49A4EB-9AB9-4FE2-BCEC-A9C41A22B575}.Debug|iPhone.ActiveCfg = Debug|Any CPU
		{7E49A4EB-9AB9-4FE2-BCEC-A9C41A22B575}.Debug|iPhone.Build.0 = Debug|Any CPU
		{7E49A4EB-9AB9-4FE2-BCEC-A9C41A22B575}.Debug|iPhoneSimulator.ActiveCfg = Debug|Any CPU
		{7E49A4EB-9AB9-4FE2-BCEC-A9C41A22B575}.Debug|iPhoneSimulator.Build.0 = Debug|Any CPU
		{7E49A4EB-9AB9-4FE2-BCEC-A9C41A22B575}.Debug|x64.ActiveCfg = Debug|Any CPU
		{7E49A4EB-9AB9-4FE2-BCEC-A9C41A22B575}.Debug|x64.Build.0 = Debug|Any CPU
		{7E49A4EB-9AB9-4FE2-BCEC-A9C41A22B575}.Debug|x86.ActiveCfg = Debug|Any CPU
		{7E49A4EB-9AB9-4FE2-BCEC-A9C41A22B575}.Debug|x86.Build.0 = Debug|Any CPU
		{7E49A4EB-9AB9-4FE2-BCEC-A9C41A22B575}.Release|Any CPU.ActiveCfg = Release|Any CPU
		{7E49A4EB-9AB9-4FE2-BCEC-A9C41A22B575}.Release|Any CPU.Build.0 = Release|Any CPU
		{7E49A4EB-9AB9-4FE2-BCEC-A9C41A22B575}.Release|ARM.ActiveCfg = Release|Any CPU
		{7E49A4EB-9AB9-4FE2-BCEC-A9C41A22B575}.Release|ARM.Build.0 = Release|Any CPU
		{7E49A4EB-9AB9-4FE2-BCEC-A9C41A22B575}.Release|iPhone.ActiveCfg = Release|Any CPU
		{7E49A4EB-9AB9-4FE2-BCEC-A9C41A22B575}.Release|iPhone.Build.0 = Release|Any CPU
		{7E49A4EB-9AB9-4FE2-BCEC-A9C41A22B575}.Release|iPhoneSimulator.ActiveCfg = Release|Any CPU
		{7E49A4EB-9AB9-4FE2-BCEC-A9C41A22B575}.Release|iPhoneSimulator.Build.0 = Release|Any CPU
		{7E49A4EB-9AB9-4FE2-BCEC-A9C41A22B575}.Release|x64.ActiveCfg = Release|Any CPU
		{7E49A4EB-9AB9-4FE2-BCEC-A9C41A22B575}.Release|x64.Build.0 = Release|Any CPU
		{7E49A4EB-9AB9-4FE2-BCEC-A9C41A22B575}.Release|x86.ActiveCfg = Release|Any CPU
		{7E49A4EB-9AB9-4FE2-BCEC-A9C41A22B575}.Release|x86.Build.0 = Release|Any CPU
		{F0A28AE2-863F-46B2-AC14-27A83DA0F596}.Ad-Hoc|Any CPU.ActiveCfg = Release|Any CPU
		{F0A28AE2-863F-46B2-AC14-27A83DA0F596}.Ad-Hoc|Any CPU.Build.0 = Release|Any CPU
		{F0A28AE2-863F-46B2-AC14-27A83DA0F596}.Ad-Hoc|ARM.ActiveCfg = Release|Any CPU
		{F0A28AE2-863F-46B2-AC14-27A83DA0F596}.Ad-Hoc|ARM.Build.0 = Release|Any CPU
		{F0A28AE2-863F-46B2-AC14-27A83DA0F596}.Ad-Hoc|iPhone.ActiveCfg = Release|Any CPU
		{F0A28AE2-863F-46B2-AC14-27A83DA0F596}.Ad-Hoc|iPhone.Build.0 = Release|Any CPU
		{F0A28AE2-863F-46B2-AC14-27A83DA0F596}.Ad-Hoc|iPhoneSimulator.ActiveCfg = Release|Any CPU
		{F0A28AE2-863F-46B2-AC14-27A83DA0F596}.Ad-Hoc|iPhoneSimulator.Build.0 = Release|Any CPU
		{F0A28AE2-863F-46B2-AC14-27A83DA0F596}.Ad-Hoc|x64.ActiveCfg = Release|Any CPU
		{F0A28AE2-863F-46B2-AC14-27A83DA0F596}.Ad-Hoc|x64.Build.0 = Release|Any CPU
		{F0A28AE2-863F-46B2-AC14-27A83DA0F596}.Ad-Hoc|x86.ActiveCfg = Release|Any CPU
		{F0A28AE2-863F-46B2-AC14-27A83DA0F596}.Ad-Hoc|x86.Build.0 = Release|Any CPU
		{F0A28AE2-863F-46B2-AC14-27A83DA0F596}.AppStore|Any CPU.ActiveCfg = Release|Any CPU
		{F0A28AE2-863F-46B2-AC14-27A83DA0F596}.AppStore|Any CPU.Build.0 = Release|Any CPU
		{F0A28AE2-863F-46B2-AC14-27A83DA0F596}.AppStore|ARM.ActiveCfg = Release|Any CPU
		{F0A28AE2-863F-46B2-AC14-27A83DA0F596}.AppStore|ARM.Build.0 = Release|Any CPU
		{F0A28AE2-863F-46B2-AC14-27A83DA0F596}.AppStore|iPhone.ActiveCfg = Release|Any CPU
		{F0A28AE2-863F-46B2-AC14-27A83DA0F596}.AppStore|iPhone.Build.0 = Release|Any CPU
		{F0A28AE2-863F-46B2-AC14-27A83DA0F596}.AppStore|iPhoneSimulator.ActiveCfg = Release|Any CPU
		{F0A28AE2-863F-46B2-AC14-27A83DA0F596}.AppStore|iPhoneSimulator.Build.0 = Release|Any CPU
		{F0A28AE2-863F-46B2-AC14-27A83DA0F596}.AppStore|x64.ActiveCfg = Release|Any CPU
		{F0A28AE2-863F-46B2-AC14-27A83DA0F596}.AppStore|x64.Build.0 = Release|Any CPU
		{F0A28AE2-863F-46B2-AC14-27A83DA0F596}.AppStore|x86.ActiveCfg = Release|Any CPU
		{F0A28AE2-863F-46B2-AC14-27A83DA0F596}.AppStore|x86.Build.0 = Release|Any CPU
		{F0A28AE2-863F-46B2-AC14-27A83DA0F596}.Debug|Any CPU.ActiveCfg = Debug|Any CPU
		{F0A28AE2-863F-46B2-AC14-27A83DA0F596}.Debug|Any CPU.Build.0 = Debug|Any CPU
		{F0A28AE2-863F-46B2-AC14-27A83DA0F596}.Debug|ARM.ActiveCfg = Debug|Any CPU
		{F0A28AE2-863F-46B2-AC14-27A83DA0F596}.Debug|ARM.Build.0 = Debug|Any CPU
		{F0A28AE2-863F-46B2-AC14-27A83DA0F596}.Debug|iPhone.ActiveCfg = Debug|Any CPU
		{F0A28AE2-863F-46B2-AC14-27A83DA0F596}.Debug|iPhone.Build.0 = Debug|Any CPU
		{F0A28AE2-863F-46B2-AC14-27A83DA0F596}.Debug|iPhoneSimulator.ActiveCfg = Debug|Any CPU
		{F0A28AE2-863F-46B2-AC14-27A83DA0F596}.Debug|iPhoneSimulator.Build.0 = Debug|Any CPU
		{F0A28AE2-863F-46B2-AC14-27A83DA0F596}.Debug|x64.ActiveCfg = Debug|Any CPU
		{F0A28AE2-863F-46B2-AC14-27A83DA0F596}.Debug|x64.Build.0 = Debug|Any CPU
		{F0A28AE2-863F-46B2-AC14-27A83DA0F596}.Debug|x86.ActiveCfg = Debug|Any CPU
		{F0A28AE2-863F-46B2-AC14-27A83DA0F596}.Debug|x86.Build.0 = Debug|Any CPU
		{F0A28AE2-863F-46B2-AC14-27A83DA0F596}.Release|Any CPU.ActiveCfg = Release|Any CPU
		{F0A28AE2-863F-46B2-AC14-27A83DA0F596}.Release|Any CPU.Build.0 = Release|Any CPU
		{F0A28AE2-863F-46B2-AC14-27A83DA0F596}.Release|ARM.ActiveCfg = Release|Any CPU
		{F0A28AE2-863F-46B2-AC14-27A83DA0F596}.Release|ARM.Build.0 = Release|Any CPU
		{F0A28AE2-863F-46B2-AC14-27A83DA0F596}.Release|iPhone.ActiveCfg = Release|Any CPU
		{F0A28AE2-863F-46B2-AC14-27A83DA0F596}.Release|iPhone.Build.0 = Release|Any CPU
		{F0A28AE2-863F-46B2-AC14-27A83DA0F596}.Release|iPhoneSimulator.ActiveCfg = Release|Any CPU
		{F0A28AE2-863F-46B2-AC14-27A83DA0F596}.Release|iPhoneSimulator.Build.0 = Release|Any CPU
		{F0A28AE2-863F-46B2-AC14-27A83DA0F596}.Release|x64.ActiveCfg = Release|Any CPU
		{F0A28AE2-863F-46B2-AC14-27A83DA0F596}.Release|x64.Build.0 = Release|Any CPU
		{F0A28AE2-863F-46B2-AC14-27A83DA0F596}.Release|x86.ActiveCfg = Release|Any CPU
		{F0A28AE2-863F-46B2-AC14-27A83DA0F596}.Release|x86.Build.0 = Release|Any CPU
		{6E6FA900-0D6A-4D65-9A1C-6CD54E1CD80D}.Ad-Hoc|Any CPU.ActiveCfg = Release|Any CPU
		{6E6FA900-0D6A-4D65-9A1C-6CD54E1CD80D}.Ad-Hoc|Any CPU.Build.0 = Release|Any CPU
		{6E6FA900-0D6A-4D65-9A1C-6CD54E1CD80D}.Ad-Hoc|ARM.ActiveCfg = Release|Any CPU
		{6E6FA900-0D6A-4D65-9A1C-6CD54E1CD80D}.Ad-Hoc|ARM.Build.0 = Release|Any CPU
		{6E6FA900-0D6A-4D65-9A1C-6CD54E1CD80D}.Ad-Hoc|iPhone.ActiveCfg = Release|Any CPU
		{6E6FA900-0D6A-4D65-9A1C-6CD54E1CD80D}.Ad-Hoc|iPhone.Build.0 = Release|Any CPU
		{6E6FA900-0D6A-4D65-9A1C-6CD54E1CD80D}.Ad-Hoc|iPhoneSimulator.ActiveCfg = Release|Any CPU
		{6E6FA900-0D6A-4D65-9A1C-6CD54E1CD80D}.Ad-Hoc|iPhoneSimulator.Build.0 = Release|Any CPU
		{6E6FA900-0D6A-4D65-9A1C-6CD54E1CD80D}.Ad-Hoc|x64.ActiveCfg = Release|Any CPU
		{6E6FA900-0D6A-4D65-9A1C-6CD54E1CD80D}.Ad-Hoc|x64.Build.0 = Release|Any CPU
		{6E6FA900-0D6A-4D65-9A1C-6CD54E1CD80D}.Ad-Hoc|x86.ActiveCfg = Release|Any CPU
		{6E6FA900-0D6A-4D65-9A1C-6CD54E1CD80D}.Ad-Hoc|x86.Build.0 = Release|Any CPU
		{6E6FA900-0D6A-4D65-9A1C-6CD54E1CD80D}.AppStore|Any CPU.ActiveCfg = Release|Any CPU
		{6E6FA900-0D6A-4D65-9A1C-6CD54E1CD80D}.AppStore|Any CPU.Build.0 = Release|Any CPU
		{6E6FA900-0D6A-4D65-9A1C-6CD54E1CD80D}.AppStore|ARM.ActiveCfg = Release|Any CPU
		{6E6FA900-0D6A-4D65-9A1C-6CD54E1CD80D}.AppStore|ARM.Build.0 = Release|Any CPU
		{6E6FA900-0D6A-4D65-9A1C-6CD54E1CD80D}.AppStore|iPhone.ActiveCfg = Release|Any CPU
		{6E6FA900-0D6A-4D65-9A1C-6CD54E1CD80D}.AppStore|iPhone.Build.0 = Release|Any CPU
		{6E6FA900-0D6A-4D65-9A1C-6CD54E1CD80D}.AppStore|iPhoneSimulator.ActiveCfg = Release|Any CPU
		{6E6FA900-0D6A-4D65-9A1C-6CD54E1CD80D}.AppStore|iPhoneSimulator.Build.0 = Release|Any CPU
		{6E6FA900-0D6A-4D65-9A1C-6CD54E1CD80D}.AppStore|x64.ActiveCfg = Release|Any CPU
		{6E6FA900-0D6A-4D65-9A1C-6CD54E1CD80D}.AppStore|x64.Build.0 = Release|Any CPU
		{6E6FA900-0D6A-4D65-9A1C-6CD54E1CD80D}.AppStore|x86.ActiveCfg = Release|Any CPU
		{6E6FA900-0D6A-4D65-9A1C-6CD54E1CD80D}.AppStore|x86.Build.0 = Release|Any CPU
		{6E6FA900-0D6A-4D65-9A1C-6CD54E1CD80D}.Debug|Any CPU.ActiveCfg = Debug|Any CPU
		{6E6FA900-0D6A-4D65-9A1C-6CD54E1CD80D}.Debug|Any CPU.Build.0 = Debug|Any CPU
		{6E6FA900-0D6A-4D65-9A1C-6CD54E1CD80D}.Debug|ARM.ActiveCfg = Debug|Any CPU
		{6E6FA900-0D6A-4D65-9A1C-6CD54E1CD80D}.Debug|ARM.Build.0 = Debug|Any CPU
		{6E6FA900-0D6A-4D65-9A1C-6CD54E1CD80D}.Debug|iPhone.ActiveCfg = Debug|Any CPU
		{6E6FA900-0D6A-4D65-9A1C-6CD54E1CD80D}.Debug|iPhone.Build.0 = Debug|Any CPU
		{6E6FA900-0D6A-4D65-9A1C-6CD54E1CD80D}.Debug|iPhoneSimulator.ActiveCfg = Debug|Any CPU
		{6E6FA900-0D6A-4D65-9A1C-6CD54E1CD80D}.Debug|iPhoneSimulator.Build.0 = Debug|Any CPU
		{6E6FA900-0D6A-4D65-9A1C-6CD54E1CD80D}.Debug|x64.ActiveCfg = Debug|Any CPU
		{6E6FA900-0D6A-4D65-9A1C-6CD54E1CD80D}.Debug|x64.Build.0 = Debug|Any CPU
		{6E6FA900-0D6A-4D65-9A1C-6CD54E1CD80D}.Debug|x86.ActiveCfg = Debug|Any CPU
		{6E6FA900-0D6A-4D65-9A1C-6CD54E1CD80D}.Debug|x86.Build.0 = Debug|Any CPU
		{6E6FA900-0D6A-4D65-9A1C-6CD54E1CD80D}.Release|Any CPU.ActiveCfg = Release|Any CPU
		{6E6FA900-0D6A-4D65-9A1C-6CD54E1CD80D}.Release|Any CPU.Build.0 = Release|Any CPU
		{6E6FA900-0D6A-4D65-9A1C-6CD54E1CD80D}.Release|ARM.ActiveCfg = Release|Any CPU
		{6E6FA900-0D6A-4D65-9A1C-6CD54E1CD80D}.Release|ARM.Build.0 = Release|Any CPU
		{6E6FA900-0D6A-4D65-9A1C-6CD54E1CD80D}.Release|iPhone.ActiveCfg = Release|Any CPU
		{6E6FA900-0D6A-4D65-9A1C-6CD54E1CD80D}.Release|iPhone.Build.0 = Release|Any CPU
		{6E6FA900-0D6A-4D65-9A1C-6CD54E1CD80D}.Release|iPhoneSimulator.ActiveCfg = Release|Any CPU
		{6E6FA900-0D6A-4D65-9A1C-6CD54E1CD80D}.Release|iPhoneSimulator.Build.0 = Release|Any CPU
		{6E6FA900-0D6A-4D65-9A1C-6CD54E1CD80D}.Release|x64.ActiveCfg = Release|Any CPU
		{6E6FA900-0D6A-4D65-9A1C-6CD54E1CD80D}.Release|x64.Build.0 = Release|Any CPU
		{6E6FA900-0D6A-4D65-9A1C-6CD54E1CD80D}.Release|x86.ActiveCfg = Release|Any CPU
		{6E6FA900-0D6A-4D65-9A1C-6CD54E1CD80D}.Release|x86.Build.0 = Release|Any CPU
		{17311CD3-DA86-4669-8153-9BD37636EB05}.Ad-Hoc|Any CPU.ActiveCfg = Release|x86
		{17311CD3-DA86-4669-8153-9BD37636EB05}.Ad-Hoc|Any CPU.Build.0 = Release|x86
		{17311CD3-DA86-4669-8153-9BD37636EB05}.Ad-Hoc|Any CPU.Deploy.0 = Release|x86
		{17311CD3-DA86-4669-8153-9BD37636EB05}.Ad-Hoc|ARM.ActiveCfg = Release|ARM
		{17311CD3-DA86-4669-8153-9BD37636EB05}.Ad-Hoc|ARM.Build.0 = Release|ARM
		{17311CD3-DA86-4669-8153-9BD37636EB05}.Ad-Hoc|ARM.Deploy.0 = Release|ARM
		{17311CD3-DA86-4669-8153-9BD37636EB05}.Ad-Hoc|iPhone.ActiveCfg = Release|x86
		{17311CD3-DA86-4669-8153-9BD37636EB05}.Ad-Hoc|iPhone.Build.0 = Release|x86
		{17311CD3-DA86-4669-8153-9BD37636EB05}.Ad-Hoc|iPhone.Deploy.0 = Release|x86
		{17311CD3-DA86-4669-8153-9BD37636EB05}.Ad-Hoc|iPhoneSimulator.ActiveCfg = Release|x86
		{17311CD3-DA86-4669-8153-9BD37636EB05}.Ad-Hoc|iPhoneSimulator.Build.0 = Release|x86
		{17311CD3-DA86-4669-8153-9BD37636EB05}.Ad-Hoc|iPhoneSimulator.Deploy.0 = Release|x86
		{17311CD3-DA86-4669-8153-9BD37636EB05}.Ad-Hoc|x64.ActiveCfg = Release|x64
		{17311CD3-DA86-4669-8153-9BD37636EB05}.Ad-Hoc|x64.Build.0 = Release|x64
		{17311CD3-DA86-4669-8153-9BD37636EB05}.Ad-Hoc|x64.Deploy.0 = Release|x64
		{17311CD3-DA86-4669-8153-9BD37636EB05}.Ad-Hoc|x86.ActiveCfg = Release|x86
		{17311CD3-DA86-4669-8153-9BD37636EB05}.Ad-Hoc|x86.Build.0 = Release|x86
		{17311CD3-DA86-4669-8153-9BD37636EB05}.Ad-Hoc|x86.Deploy.0 = Release|x86
		{17311CD3-DA86-4669-8153-9BD37636EB05}.AppStore|Any CPU.ActiveCfg = Release|x86
		{17311CD3-DA86-4669-8153-9BD37636EB05}.AppStore|Any CPU.Build.0 = Release|x86
		{17311CD3-DA86-4669-8153-9BD37636EB05}.AppStore|Any CPU.Deploy.0 = Release|x86
		{17311CD3-DA86-4669-8153-9BD37636EB05}.AppStore|ARM.ActiveCfg = Release|ARM
		{17311CD3-DA86-4669-8153-9BD37636EB05}.AppStore|ARM.Build.0 = Release|ARM
		{17311CD3-DA86-4669-8153-9BD37636EB05}.AppStore|ARM.Deploy.0 = Release|ARM
		{17311CD3-DA86-4669-8153-9BD37636EB05}.AppStore|iPhone.ActiveCfg = Release|x86
		{17311CD3-DA86-4669-8153-9BD37636EB05}.AppStore|iPhone.Build.0 = Release|x86
		{17311CD3-DA86-4669-8153-9BD37636EB05}.AppStore|iPhone.Deploy.0 = Release|x86
		{17311CD3-DA86-4669-8153-9BD37636EB05}.AppStore|iPhoneSimulator.ActiveCfg = Release|x86
		{17311CD3-DA86-4669-8153-9BD37636EB05}.AppStore|iPhoneSimulator.Build.0 = Release|x86
		{17311CD3-DA86-4669-8153-9BD37636EB05}.AppStore|iPhoneSimulator.Deploy.0 = Release|x86
		{17311CD3-DA86-4669-8153-9BD37636EB05}.AppStore|x64.ActiveCfg = Release|x64
		{17311CD3-DA86-4669-8153-9BD37636EB05}.AppStore|x64.Build.0 = Release|x64
		{17311CD3-DA86-4669-8153-9BD37636EB05}.AppStore|x64.Deploy.0 = Release|x64
		{17311CD3-DA86-4669-8153-9BD37636EB05}.AppStore|x86.ActiveCfg = Release|x86
		{17311CD3-DA86-4669-8153-9BD37636EB05}.AppStore|x86.Build.0 = Release|x86
		{17311CD3-DA86-4669-8153-9BD37636EB05}.AppStore|x86.Deploy.0 = Release|x86
		{17311CD3-DA86-4669-8153-9BD37636EB05}.Debug|Any CPU.ActiveCfg = Debug|x86
		{17311CD3-DA86-4669-8153-9BD37636EB05}.Debug|ARM.ActiveCfg = Debug|ARM
		{17311CD3-DA86-4669-8153-9BD37636EB05}.Debug|ARM.Build.0 = Debug|ARM
		{17311CD3-DA86-4669-8153-9BD37636EB05}.Debug|ARM.Deploy.0 = Debug|ARM
		{17311CD3-DA86-4669-8153-9BD37636EB05}.Debug|iPhone.ActiveCfg = Debug|x86
		{17311CD3-DA86-4669-8153-9BD37636EB05}.Debug|iPhoneSimulator.ActiveCfg = Debug|x86
		{17311CD3-DA86-4669-8153-9BD37636EB05}.Debug|x64.ActiveCfg = Debug|x64
		{17311CD3-DA86-4669-8153-9BD37636EB05}.Debug|x64.Build.0 = Debug|x64
		{17311CD3-DA86-4669-8153-9BD37636EB05}.Debug|x64.Deploy.0 = Debug|x64
		{17311CD3-DA86-4669-8153-9BD37636EB05}.Debug|x86.ActiveCfg = Debug|x86
		{17311CD3-DA86-4669-8153-9BD37636EB05}.Debug|x86.Build.0 = Debug|x86
		{17311CD3-DA86-4669-8153-9BD37636EB05}.Debug|x86.Deploy.0 = Debug|x86
		{17311CD3-DA86-4669-8153-9BD37636EB05}.Release|Any CPU.ActiveCfg = Release|x86
		{17311CD3-DA86-4669-8153-9BD37636EB05}.Release|ARM.ActiveCfg = Release|ARM
		{17311CD3-DA86-4669-8153-9BD37636EB05}.Release|ARM.Build.0 = Release|ARM
		{17311CD3-DA86-4669-8153-9BD37636EB05}.Release|ARM.Deploy.0 = Release|ARM
		{17311CD3-DA86-4669-8153-9BD37636EB05}.Release|iPhone.ActiveCfg = Release|x86
		{17311CD3-DA86-4669-8153-9BD37636EB05}.Release|iPhoneSimulator.ActiveCfg = Release|x86
		{17311CD3-DA86-4669-8153-9BD37636EB05}.Release|x64.ActiveCfg = Release|x64
		{17311CD3-DA86-4669-8153-9BD37636EB05}.Release|x64.Build.0 = Release|x64
		{17311CD3-DA86-4669-8153-9BD37636EB05}.Release|x64.Deploy.0 = Release|x64
		{17311CD3-DA86-4669-8153-9BD37636EB05}.Release|x86.ActiveCfg = Release|x86
		{17311CD3-DA86-4669-8153-9BD37636EB05}.Release|x86.Build.0 = Release|x86
		{17311CD3-DA86-4669-8153-9BD37636EB05}.Release|x86.Deploy.0 = Release|x86
		{41182BA1-FEE1-4FF3-AC8D-5A234DDF8664}.Ad-Hoc|Any CPU.ActiveCfg = Ad-Hoc|iPhone
		{41182BA1-FEE1-4FF3-AC8D-5A234DDF8664}.Ad-Hoc|ARM.ActiveCfg = Ad-Hoc|iPhone
		{41182BA1-FEE1-4FF3-AC8D-5A234DDF8664}.Ad-Hoc|iPhone.ActiveCfg = Ad-Hoc|iPhone
		{41182BA1-FEE1-4FF3-AC8D-5A234DDF8664}.Ad-Hoc|iPhone.Build.0 = Ad-Hoc|iPhone
		{41182BA1-FEE1-4FF3-AC8D-5A234DDF8664}.Ad-Hoc|iPhoneSimulator.ActiveCfg = Ad-Hoc|iPhoneSimulator
		{41182BA1-FEE1-4FF3-AC8D-5A234DDF8664}.Ad-Hoc|iPhoneSimulator.Build.0 = Ad-Hoc|iPhoneSimulator
		{41182BA1-FEE1-4FF3-AC8D-5A234DDF8664}.Ad-Hoc|x64.ActiveCfg = Ad-Hoc|iPhone
		{41182BA1-FEE1-4FF3-AC8D-5A234DDF8664}.Ad-Hoc|x86.ActiveCfg = Ad-Hoc|iPhone
		{41182BA1-FEE1-4FF3-AC8D-5A234DDF8664}.AppStore|Any CPU.ActiveCfg = AppStore|iPhone
		{41182BA1-FEE1-4FF3-AC8D-5A234DDF8664}.AppStore|ARM.ActiveCfg = AppStore|iPhone
		{41182BA1-FEE1-4FF3-AC8D-5A234DDF8664}.AppStore|iPhone.ActiveCfg = AppStore|iPhone
		{41182BA1-FEE1-4FF3-AC8D-5A234DDF8664}.AppStore|iPhone.Build.0 = AppStore|iPhone
		{41182BA1-FEE1-4FF3-AC8D-5A234DDF8664}.AppStore|iPhoneSimulator.ActiveCfg = AppStore|iPhoneSimulator
		{41182BA1-FEE1-4FF3-AC8D-5A234DDF8664}.AppStore|iPhoneSimulator.Build.0 = AppStore|iPhoneSimulator
		{41182BA1-FEE1-4FF3-AC8D-5A234DDF8664}.AppStore|x64.ActiveCfg = AppStore|iPhone
		{41182BA1-FEE1-4FF3-AC8D-5A234DDF8664}.AppStore|x86.ActiveCfg = AppStore|iPhone
		{41182BA1-FEE1-4FF3-AC8D-5A234DDF8664}.Debug|Any CPU.ActiveCfg = Debug|iPhone
		{41182BA1-FEE1-4FF3-AC8D-5A234DDF8664}.Debug|ARM.ActiveCfg = Debug|iPhone
		{41182BA1-FEE1-4FF3-AC8D-5A234DDF8664}.Debug|iPhone.ActiveCfg = Debug|iPhone
		{41182BA1-FEE1-4FF3-AC8D-5A234DDF8664}.Debug|iPhone.Build.0 = Debug|iPhone
		{41182BA1-FEE1-4FF3-AC8D-5A234DDF8664}.Debug|iPhoneSimulator.ActiveCfg = Debug|iPhoneSimulator
		{41182BA1-FEE1-4FF3-AC8D-5A234DDF8664}.Debug|iPhoneSimulator.Build.0 = Debug|iPhoneSimulator
		{41182BA1-FEE1-4FF3-AC8D-5A234DDF8664}.Debug|x64.ActiveCfg = Debug|iPhone
		{41182BA1-FEE1-4FF3-AC8D-5A234DDF8664}.Debug|x86.ActiveCfg = Debug|iPhone
		{41182BA1-FEE1-4FF3-AC8D-5A234DDF8664}.Release|Any CPU.ActiveCfg = Release|iPhone
		{41182BA1-FEE1-4FF3-AC8D-5A234DDF8664}.Release|ARM.ActiveCfg = Release|iPhone
		{41182BA1-FEE1-4FF3-AC8D-5A234DDF8664}.Release|iPhone.ActiveCfg = Release|iPhone
		{41182BA1-FEE1-4FF3-AC8D-5A234DDF8664}.Release|iPhone.Build.0 = Release|iPhone
		{41182BA1-FEE1-4FF3-AC8D-5A234DDF8664}.Release|iPhoneSimulator.ActiveCfg = Release|iPhoneSimulator
		{41182BA1-FEE1-4FF3-AC8D-5A234DDF8664}.Release|iPhoneSimulator.Build.0 = Release|iPhoneSimulator
		{41182BA1-FEE1-4FF3-AC8D-5A234DDF8664}.Release|x64.ActiveCfg = Release|iPhone
		{41182BA1-FEE1-4FF3-AC8D-5A234DDF8664}.Release|x86.ActiveCfg = Release|iPhone
		{67F9D3A8-F71E-4428-913F-C37AE82CDB24}.Ad-Hoc|Any CPU.ActiveCfg = Release|Any CPU
		{67F9D3A8-F71E-4428-913F-C37AE82CDB24}.Ad-Hoc|Any CPU.Build.0 = Release|Any CPU
		{67F9D3A8-F71E-4428-913F-C37AE82CDB24}.Ad-Hoc|ARM.ActiveCfg = Release|Any CPU
		{67F9D3A8-F71E-4428-913F-C37AE82CDB24}.Ad-Hoc|ARM.Build.0 = Release|Any CPU
		{67F9D3A8-F71E-4428-913F-C37AE82CDB24}.Ad-Hoc|iPhone.ActiveCfg = Release|Any CPU
		{67F9D3A8-F71E-4428-913F-C37AE82CDB24}.Ad-Hoc|iPhone.Build.0 = Release|Any CPU
		{67F9D3A8-F71E-4428-913F-C37AE82CDB24}.Ad-Hoc|iPhoneSimulator.ActiveCfg = Release|Any CPU
		{67F9D3A8-F71E-4428-913F-C37AE82CDB24}.Ad-Hoc|iPhoneSimulator.Build.0 = Release|Any CPU
		{67F9D3A8-F71E-4428-913F-C37AE82CDB24}.Ad-Hoc|x64.ActiveCfg = Release|Any CPU
		{67F9D3A8-F71E-4428-913F-C37AE82CDB24}.Ad-Hoc|x64.Build.0 = Release|Any CPU
		{67F9D3A8-F71E-4428-913F-C37AE82CDB24}.Ad-Hoc|x86.ActiveCfg = Release|Any CPU
		{67F9D3A8-F71E-4428-913F-C37AE82CDB24}.Ad-Hoc|x86.Build.0 = Release|Any CPU
		{67F9D3A8-F71E-4428-913F-C37AE82CDB24}.AppStore|Any CPU.ActiveCfg = Release|Any CPU
		{67F9D3A8-F71E-4428-913F-C37AE82CDB24}.AppStore|Any CPU.Build.0 = Release|Any CPU
		{67F9D3A8-F71E-4428-913F-C37AE82CDB24}.AppStore|ARM.ActiveCfg = Release|Any CPU
		{67F9D3A8-F71E-4428-913F-C37AE82CDB24}.AppStore|ARM.Build.0 = Release|Any CPU
		{67F9D3A8-F71E-4428-913F-C37AE82CDB24}.AppStore|iPhone.ActiveCfg = Release|Any CPU
		{67F9D3A8-F71E-4428-913F-C37AE82CDB24}.AppStore|iPhone.Build.0 = Release|Any CPU
		{67F9D3A8-F71E-4428-913F-C37AE82CDB24}.AppStore|iPhoneSimulator.ActiveCfg = Release|Any CPU
		{67F9D3A8-F71E-4428-913F-C37AE82CDB24}.AppStore|iPhoneSimulator.Build.0 = Release|Any CPU
		{67F9D3A8-F71E-4428-913F-C37AE82CDB24}.AppStore|x64.ActiveCfg = Release|Any CPU
		{67F9D3A8-F71E-4428-913F-C37AE82CDB24}.AppStore|x64.Build.0 = Release|Any CPU
		{67F9D3A8-F71E-4428-913F-C37AE82CDB24}.AppStore|x86.ActiveCfg = Release|Any CPU
		{67F9D3A8-F71E-4428-913F-C37AE82CDB24}.AppStore|x86.Build.0 = Release|Any CPU
		{67F9D3A8-F71E-4428-913F-C37AE82CDB24}.Debug|Any CPU.ActiveCfg = Debug|Any CPU
		{67F9D3A8-F71E-4428-913F-C37AE82CDB24}.Debug|Any CPU.Build.0 = Debug|Any CPU
		{67F9D3A8-F71E-4428-913F-C37AE82CDB24}.Debug|ARM.ActiveCfg = Debug|Any CPU
		{67F9D3A8-F71E-4428-913F-C37AE82CDB24}.Debug|ARM.Build.0 = Debug|Any CPU
		{67F9D3A8-F71E-4428-913F-C37AE82CDB24}.Debug|iPhone.ActiveCfg = Debug|Any CPU
		{67F9D3A8-F71E-4428-913F-C37AE82CDB24}.Debug|iPhone.Build.0 = Debug|Any CPU
		{67F9D3A8-F71E-4428-913F-C37AE82CDB24}.Debug|iPhoneSimulator.ActiveCfg = Debug|Any CPU
		{67F9D3A8-F71E-4428-913F-C37AE82CDB24}.Debug|iPhoneSimulator.Build.0 = Debug|Any CPU
		{67F9D3A8-F71E-4428-913F-C37AE82CDB24}.Debug|x64.ActiveCfg = Debug|Any CPU
		{67F9D3A8-F71E-4428-913F-C37AE82CDB24}.Debug|x64.Build.0 = Debug|Any CPU
		{67F9D3A8-F71E-4428-913F-C37AE82CDB24}.Debug|x86.ActiveCfg = Debug|Any CPU
		{67F9D3A8-F71E-4428-913F-C37AE82CDB24}.Debug|x86.Build.0 = Debug|Any CPU
		{67F9D3A8-F71E-4428-913F-C37AE82CDB24}.Release|Any CPU.ActiveCfg = Release|Any CPU
		{67F9D3A8-F71E-4428-913F-C37AE82CDB24}.Release|Any CPU.Build.0 = Release|Any CPU
		{67F9D3A8-F71E-4428-913F-C37AE82CDB24}.Release|ARM.ActiveCfg = Release|Any CPU
		{67F9D3A8-F71E-4428-913F-C37AE82CDB24}.Release|ARM.Build.0 = Release|Any CPU
		{67F9D3A8-F71E-4428-913F-C37AE82CDB24}.Release|iPhone.ActiveCfg = Release|Any CPU
		{67F9D3A8-F71E-4428-913F-C37AE82CDB24}.Release|iPhone.Build.0 = Release|Any CPU
		{67F9D3A8-F71E-4428-913F-C37AE82CDB24}.Release|iPhoneSimulator.ActiveCfg = Release|Any CPU
		{67F9D3A8-F71E-4428-913F-C37AE82CDB24}.Release|iPhoneSimulator.Build.0 = Release|Any CPU
		{67F9D3A8-F71E-4428-913F-C37AE82CDB24}.Release|x64.ActiveCfg = Release|Any CPU
		{67F9D3A8-F71E-4428-913F-C37AE82CDB24}.Release|x64.Build.0 = Release|Any CPU
		{67F9D3A8-F71E-4428-913F-C37AE82CDB24}.Release|x86.ActiveCfg = Release|Any CPU
		{67F9D3A8-F71E-4428-913F-C37AE82CDB24}.Release|x86.Build.0 = Release|Any CPU
		{7CA88F13-D142-4A6F-8B50-49012C62EFFF}.Ad-Hoc|Any CPU.ActiveCfg = Release|Any CPU
		{7CA88F13-D142-4A6F-8B50-49012C62EFFF}.Ad-Hoc|Any CPU.Build.0 = Release|Any CPU
		{7CA88F13-D142-4A6F-8B50-49012C62EFFF}.Ad-Hoc|ARM.ActiveCfg = Release|Any CPU
		{7CA88F13-D142-4A6F-8B50-49012C62EFFF}.Ad-Hoc|ARM.Build.0 = Release|Any CPU
		{7CA88F13-D142-4A6F-8B50-49012C62EFFF}.Ad-Hoc|iPhone.ActiveCfg = Release|Any CPU
		{7CA88F13-D142-4A6F-8B50-49012C62EFFF}.Ad-Hoc|iPhone.Build.0 = Release|Any CPU
		{7CA88F13-D142-4A6F-8B50-49012C62EFFF}.Ad-Hoc|iPhoneSimulator.ActiveCfg = Release|Any CPU
		{7CA88F13-D142-4A6F-8B50-49012C62EFFF}.Ad-Hoc|iPhoneSimulator.Build.0 = Release|Any CPU
		{7CA88F13-D142-4A6F-8B50-49012C62EFFF}.Ad-Hoc|x64.ActiveCfg = Release|Any CPU
		{7CA88F13-D142-4A6F-8B50-49012C62EFFF}.Ad-Hoc|x64.Build.0 = Release|Any CPU
		{7CA88F13-D142-4A6F-8B50-49012C62EFFF}.Ad-Hoc|x86.ActiveCfg = Release|Any CPU
		{7CA88F13-D142-4A6F-8B50-49012C62EFFF}.Ad-Hoc|x86.Build.0 = Release|Any CPU
		{7CA88F13-D142-4A6F-8B50-49012C62EFFF}.AppStore|Any CPU.ActiveCfg = Release|Any CPU
		{7CA88F13-D142-4A6F-8B50-49012C62EFFF}.AppStore|Any CPU.Build.0 = Release|Any CPU
		{7CA88F13-D142-4A6F-8B50-49012C62EFFF}.AppStore|ARM.ActiveCfg = Release|Any CPU
		{7CA88F13-D142-4A6F-8B50-49012C62EFFF}.AppStore|ARM.Build.0 = Release|Any CPU
		{7CA88F13-D142-4A6F-8B50-49012C62EFFF}.AppStore|iPhone.ActiveCfg = Release|Any CPU
		{7CA88F13-D142-4A6F-8B50-49012C62EFFF}.AppStore|iPhone.Build.0 = Release|Any CPU
		{7CA88F13-D142-4A6F-8B50-49012C62EFFF}.AppStore|iPhoneSimulator.ActiveCfg = Release|Any CPU
		{7CA88F13-D142-4A6F-8B50-49012C62EFFF}.AppStore|iPhoneSimulator.Build.0 = Release|Any CPU
		{7CA88F13-D142-4A6F-8B50-49012C62EFFF}.AppStore|x64.ActiveCfg = Release|Any CPU
		{7CA88F13-D142-4A6F-8B50-49012C62EFFF}.AppStore|x64.Build.0 = Release|Any CPU
		{7CA88F13-D142-4A6F-8B50-49012C62EFFF}.AppStore|x86.ActiveCfg = Release|Any CPU
		{7CA88F13-D142-4A6F-8B50-49012C62EFFF}.AppStore|x86.Build.0 = Release|Any CPU
		{7CA88F13-D142-4A6F-8B50-49012C62EFFF}.Debug|Any CPU.ActiveCfg = Debug|Any CPU
		{7CA88F13-D142-4A6F-8B50-49012C62EFFF}.Debug|Any CPU.Build.0 = Debug|Any CPU
		{7CA88F13-D142-4A6F-8B50-49012C62EFFF}.Debug|ARM.ActiveCfg = Debug|Any CPU
		{7CA88F13-D142-4A6F-8B50-49012C62EFFF}.Debug|ARM.Build.0 = Debug|Any CPU
		{7CA88F13-D142-4A6F-8B50-49012C62EFFF}.Debug|iPhone.ActiveCfg = Debug|Any CPU
		{7CA88F13-D142-4A6F-8B50-49012C62EFFF}.Debug|iPhone.Build.0 = Debug|Any CPU
		{7CA88F13-D142-4A6F-8B50-49012C62EFFF}.Debug|iPhoneSimulator.ActiveCfg = Debug|Any CPU
		{7CA88F13-D142-4A6F-8B50-49012C62EFFF}.Debug|iPhoneSimulator.Build.0 = Debug|Any CPU
		{7CA88F13-D142-4A6F-8B50-49012C62EFFF}.Debug|x64.ActiveCfg = Debug|Any CPU
		{7CA88F13-D142-4A6F-8B50-49012C62EFFF}.Debug|x64.Build.0 = Debug|Any CPU
		{7CA88F13-D142-4A6F-8B50-49012C62EFFF}.Debug|x86.ActiveCfg = Debug|Any CPU
		{7CA88F13-D142-4A6F-8B50-49012C62EFFF}.Debug|x86.Build.0 = Debug|Any CPU
		{7CA88F13-D142-4A6F-8B50-49012C62EFFF}.Release|Any CPU.ActiveCfg = Release|Any CPU
		{7CA88F13-D142-4A6F-8B50-49012C62EFFF}.Release|Any CPU.Build.0 = Release|Any CPU
		{7CA88F13-D142-4A6F-8B50-49012C62EFFF}.Release|ARM.ActiveCfg = Release|Any CPU
		{7CA88F13-D142-4A6F-8B50-49012C62EFFF}.Release|ARM.Build.0 = Release|Any CPU
		{7CA88F13-D142-4A6F-8B50-49012C62EFFF}.Release|iPhone.ActiveCfg = Release|Any CPU
		{7CA88F13-D142-4A6F-8B50-49012C62EFFF}.Release|iPhone.Build.0 = Release|Any CPU
		{7CA88F13-D142-4A6F-8B50-49012C62EFFF}.Release|iPhoneSimulator.ActiveCfg = Release|Any CPU
		{7CA88F13-D142-4A6F-8B50-49012C62EFFF}.Release|iPhoneSimulator.Build.0 = Release|Any CPU
		{7CA88F13-D142-4A6F-8B50-49012C62EFFF}.Release|x64.ActiveCfg = Release|Any CPU
		{7CA88F13-D142-4A6F-8B50-49012C62EFFF}.Release|x64.Build.0 = Release|Any CPU
		{7CA88F13-D142-4A6F-8B50-49012C62EFFF}.Release|x86.ActiveCfg = Release|Any CPU
		{7CA88F13-D142-4A6F-8B50-49012C62EFFF}.Release|x86.Build.0 = Release|Any CPU
	EndGlobalSection
	GlobalSection(SolutionProperties) = preSolution
		HideSolutionNode = FALSE
	EndGlobalSection
	GlobalSection(MonoDevelopProperties) = preSolution
		Policies = $0
		$0.DotNetNamingPolicy = $1
		$0.TextStylePolicy = $2
		$2.TabWidth = 2
		$2.IndentWidth = 2
		$2.scope = text/x-csharp
		$2.TabsToSpaces = True
		$0.CSharpFormattingPolicy = $3
		$3.scope = text/x-csharp
	EndGlobalSection
EndGlobal
